// !$*UTF8*$!
{
	archiveVersion = 1;
	classes = {
	};
	objectVersion = 46;
	objects = {

/* Begin PBXBuildFile section */
		1AC6FB1F180E996B004C840B /* libbox2d Mac.a in Frameworks */ = {isa = PBXBuildFile; fileRef = 1AC6FAFF180E9839004C840B /* libbox2d Mac.a */; };
		1AC6FB20180E996B004C840B /* libchipmunk Mac.a in Frameworks */ = {isa = PBXBuildFile; fileRef = 1AC6FAFD180E9839004C840B /* libchipmunk Mac.a */; };
		1AC6FB21180E996B004C840B /* libcocos2dx Mac.a in Frameworks */ = {isa = PBXBuildFile; fileRef = 1AC6FAF9180E9839004C840B /* libcocos2dx Mac.a */; };
		1AC6FB22180E996B004C840B /* libcocos2dx-extensions Mac.a in Frameworks */ = {isa = PBXBuildFile; fileRef = 1AC6FAFB180E9839004C840B /* libcocos2dx-extensions Mac.a */; };
		1AC6FB23180E996B004C840B /* libCocosDenshion Mac.a in Frameworks */ = {isa = PBXBuildFile; fileRef = 1AC6FB01180E9839004C840B /* libCocosDenshion Mac.a */; };
		1AC6FB2E180E99EB004C840B /* libbox2d iOS.a in Frameworks */ = {isa = PBXBuildFile; fileRef = 1AC6FB0D180E9839004C840B /* libbox2d iOS.a */; };
		1AC6FB2F180E99EB004C840B /* libchipmunk iOS.a in Frameworks */ = {isa = PBXBuildFile; fileRef = 1AC6FB0B180E9839004C840B /* libchipmunk iOS.a */; };
		1AC6FB30180E99EB004C840B /* libcocos2dx iOS.a in Frameworks */ = {isa = PBXBuildFile; fileRef = 1AC6FB07180E9839004C840B /* libcocos2dx iOS.a */; };
		1AC6FB31180E99EB004C840B /* libcocos2dx-extensions iOS.a in Frameworks */ = {isa = PBXBuildFile; fileRef = 1AC6FB09180E9839004C840B /* libcocos2dx-extensions iOS.a */; };
		1AC6FB32180E99EB004C840B /* libCocosDenshion iOS.a in Frameworks */ = {isa = PBXBuildFile; fileRef = 1AC6FB0F180E9839004C840B /* libCocosDenshion iOS.a */; };
		1AFAF8B816D35DE700DB1158 /* (null) in Sources */ = {isa = PBXBuildFile; };
		1D60589F0D05DD5A006BFB54 /* Foundation.framework in Frameworks */ = {isa = PBXBuildFile; fileRef = 1D30AB110D05D00D00671497 /* Foundation.framework */; };
		1DF5F4E00D08C38300B7A737 /* UIKit.framework in Frameworks */ = {isa = PBXBuildFile; fileRef = 1DF5F4DF0D08C38300B7A737 /* UIKit.framework */; };
		288765A50DF7441C002DB57D /* CoreGraphics.framework in Frameworks */ = {isa = PBXBuildFile; fileRef = 288765A40DF7441C002DB57D /* CoreGraphics.framework */; };
		503AE0F817EB97AB00D1A890 /* Icon.icns in Resources */ = {isa = PBXBuildFile; fileRef = 503AE0F617EB97AB00D1A890 /* Icon.icns */; };
		503AE10017EB989F00D1A890 /* AppController.mm in Sources */ = {isa = PBXBuildFile; fileRef = 503AE0FB17EB989F00D1A890 /* AppController.mm */; };
		503AE10117EB989F00D1A890 /* main.m in Sources */ = {isa = PBXBuildFile; fileRef = 503AE0FC17EB989F00D1A890 /* main.m */; };
		503AE10217EB989F00D1A890 /* RootViewController.mm in Sources */ = {isa = PBXBuildFile; fileRef = 503AE0FF17EB989F00D1A890 /* RootViewController.mm */; };
		503AE10517EB98FF00D1A890 /* main.cpp in Sources */ = {isa = PBXBuildFile; fileRef = 503AE10317EB98FF00D1A890 /* main.cpp */; };
		503AE11217EB99EE00D1A890 /* libcurl.dylib in Frameworks */ = {isa = PBXBuildFile; fileRef = 503AE11117EB99EE00D1A890 /* libcurl.dylib */; };
		503AE11B17EB9C5A00D1A890 /* IOKit.framework in Frameworks */ = {isa = PBXBuildFile; fileRef = 503AE11A17EB9C5A00D1A890 /* IOKit.framework */; };
		5087E75817EB910900C73F5D /* (null) in Sources */ = {isa = PBXBuildFile; };
		5087E76317EB910900C73F5D /* Foundation.framework in Frameworks */ = {isa = PBXBuildFile; fileRef = 1D30AB110D05D00D00671497 /* Foundation.framework */; };
		5087E76517EB910900C73F5D /* CoreGraphics.framework in Frameworks */ = {isa = PBXBuildFile; fileRef = 288765A40DF7441C002DB57D /* CoreGraphics.framework */; };
		5087E76717EB910900C73F5D /* libz.dylib in Frameworks */ = {isa = PBXBuildFile; fileRef = BF170DB412928DE900B8313A /* libz.dylib */; };
		5087E76817EB910900C73F5D /* QuartzCore.framework in Frameworks */ = {isa = PBXBuildFile; fileRef = BF1C47EA1293683800B63C5D /* QuartzCore.framework */; };
		5087E76917EB910900C73F5D /* OpenAL.framework in Frameworks */ = {isa = PBXBuildFile; fileRef = D44C620B132DFF330009C878 /* OpenAL.framework */; };
		5087E76A17EB910900C73F5D /* AVFoundation.framework in Frameworks */ = {isa = PBXBuildFile; fileRef = D44C620D132DFF430009C878 /* AVFoundation.framework */; };
		5087E76B17EB910900C73F5D /* AudioToolbox.framework in Frameworks */ = {isa = PBXBuildFile; fileRef = D44C620F132DFF4E0009C878 /* AudioToolbox.framework */; };
		5087E77D17EB970100C73F5D /* Default-568h@2x.png in Resources */ = {isa = PBXBuildFile; fileRef = 5087E77217EB970100C73F5D /* Default-568h@2x.png */; };
		5087E77E17EB970100C73F5D /* Default.png in Resources */ = {isa = PBXBuildFile; fileRef = 5087E77317EB970100C73F5D /* Default.png */; };
		5087E77F17EB970100C73F5D /* Default@2x.png in Resources */ = {isa = PBXBuildFile; fileRef = 5087E77417EB970100C73F5D /* Default@2x.png */; };
		5087E78017EB970100C73F5D /* Icon-114.png in Resources */ = {isa = PBXBuildFile; fileRef = 5087E77517EB970100C73F5D /* Icon-114.png */; };
		5087E78117EB970100C73F5D /* Icon-120.png in Resources */ = {isa = PBXBuildFile; fileRef = 5087E77617EB970100C73F5D /* Icon-120.png */; };
		5087E78217EB970100C73F5D /* Icon-144.png in Resources */ = {isa = PBXBuildFile; fileRef = 5087E77717EB970100C73F5D /* Icon-144.png */; };
		5087E78317EB970100C73F5D /* Icon-152.png in Resources */ = {isa = PBXBuildFile; fileRef = 5087E77817EB970100C73F5D /* Icon-152.png */; };
		5087E78417EB970100C73F5D /* Icon-57.png in Resources */ = {isa = PBXBuildFile; fileRef = 5087E77917EB970100C73F5D /* Icon-57.png */; };
		5087E78517EB970100C73F5D /* Icon-72.png in Resources */ = {isa = PBXBuildFile; fileRef = 5087E77A17EB970100C73F5D /* Icon-72.png */; };
		5087E78617EB970100C73F5D /* Icon-76.png in Resources */ = {isa = PBXBuildFile; fileRef = 5087E77B17EB970100C73F5D /* Icon-76.png */; };
		5087E78917EB974C00C73F5D /* AppKit.framework in Frameworks */ = {isa = PBXBuildFile; fileRef = 5087E78817EB974C00C73F5D /* AppKit.framework */; };
		5087E78B17EB975400C73F5D /* OpenGL.framework in Frameworks */ = {isa = PBXBuildFile; fileRef = 5087E78A17EB975400C73F5D /* OpenGL.framework */; };
		50EF629617ECD46A001EB2F8 /* Icon-40.png in Resources */ = {isa = PBXBuildFile; fileRef = 50EF629217ECD46A001EB2F8 /* Icon-40.png */; };
		50EF629717ECD46A001EB2F8 /* Icon-58.png in Resources */ = {isa = PBXBuildFile; fileRef = 50EF629317ECD46A001EB2F8 /* Icon-58.png */; };
		50EF629817ECD46A001EB2F8 /* Icon-80.png in Resources */ = {isa = PBXBuildFile; fileRef = 50EF629417ECD46A001EB2F8 /* Icon-80.png */; };
		50EF629917ECD46A001EB2F8 /* Icon-100.png in Resources */ = {isa = PBXBuildFile; fileRef = 50EF629517ECD46A001EB2F8 /* Icon-100.png */; };
		50EF62A217ECD613001EB2F8 /* Icon-29.png in Resources */ = {isa = PBXBuildFile; fileRef = 50EF62A017ECD613001EB2F8 /* Icon-29.png */; };
		50EF62A317ECD613001EB2F8 /* Icon-50.png in Resources */ = {isa = PBXBuildFile; fileRef = 50EF62A117ECD613001EB2F8 /* Icon-50.png */; };
		9C11DE831A140F7800ECEBB2 /* weapon1.png in Resources */ = {isa = PBXBuildFile; fileRef = 9C11DE811A140F7800ECEBB2 /* weapon1.png */; };
		9C11DE841A140F7800ECEBB2 /* weapon2.png in Resources */ = {isa = PBXBuildFile; fileRef = 9C11DE821A140F7800ECEBB2 /* weapon2.png */; };
		9C11DE881A1471BE00ECEBB2 /* weapon3.png in Resources */ = {isa = PBXBuildFile; fileRef = 9C11DE871A1471BE00ECEBB2 /* weapon3.png */; };
		9C11DE8D1A14723B00ECEBB2 /* backToMap.png in Resources */ = {isa = PBXBuildFile; fileRef = 9C11DE8A1A14723B00ECEBB2 /* backToMap.png */; };
		9C11DE8E1A14723B00ECEBB2 /* lose.png in Resources */ = {isa = PBXBuildFile; fileRef = 9C11DE8B1A14723B00ECEBB2 /* lose.png */; };
		9C11DE911A14726000ECEBB2 /* LoseScene.cpp in Sources */ = {isa = PBXBuildFile; fileRef = 9C11DE8F1A14726000ECEBB2 /* LoseScene.cpp */; };
		9C4EEB411A1043E200A4B7C3 /* animal.ExportJson in Resources */ = {isa = PBXBuildFile; fileRef = 9C4EEB171A1043E200A4B7C3 /* animal.ExportJson */; };
		9C4EEB421A1043E200A4B7C3 /* animal0.plist in Resources */ = {isa = PBXBuildFile; fileRef = 9C4EEB181A1043E200A4B7C3 /* animal0.plist */; };
		9C4EEB431A1043E200A4B7C3 /* animal0.png in Resources */ = {isa = PBXBuildFile; fileRef = 9C4EEB191A1043E200A4B7C3 /* animal0.png */; };
		9C4EEB461A1043E200A4B7C3 /* AudioClip in Resources */ = {isa = PBXBuildFile; fileRef = 9C4EEB1C1A1043E200A4B7C3 /* AudioClip */; };
		9C4EEB471A1043E200A4B7C3 /* back.png in Resources */ = {isa = PBXBuildFile; fileRef = 9C4EEB1D1A1043E200A4B7C3 /* back.png */; };
		9C4EEB481A1043E200A4B7C3 /* background.png in Resources */ = {isa = PBXBuildFile; fileRef = 9C4EEB1E1A1043E200A4B7C3 /* background.png */; };
		9C4EEB491A1043E200A4B7C3 /* banana.png in Resources */ = {isa = PBXBuildFile; fileRef = 9C4EEB1F1A1043E200A4B7C3 /* banana.png */; };
		9C4EEB4A1A1043E200A4B7C3 /* CloseNormal.png in Resources */ = {isa = PBXBuildFile; fileRef = 9C4EEB201A1043E200A4B7C3 /* CloseNormal.png */; };
		9C4EEB4B1A1043E200A4B7C3 /* CloseSelected.png in Resources */ = {isa = PBXBuildFile; fileRef = 9C4EEB211A1043E200A4B7C3 /* CloseSelected.png */; };
		9C4EEB4C1A1043E200A4B7C3 /* cloth.png in Resources */ = {isa = PBXBuildFile; fileRef = 9C4EEB221A1043E200A4B7C3 /* cloth.png */; };
		9C4EEB4D1A1043E200A4B7C3 /* clothgrey.png in Resources */ = {isa = PBXBuildFile; fileRef = 9C4EEB231A1043E200A4B7C3 /* clothgrey.png */; };
		9C4EEB4E1A1043E200A4B7C3 /* fire in Resources */ = {isa = PBXBuildFile; fileRef = 9C4EEB241A1043E200A4B7C3 /* fire */; };
		9C4EEB4F1A1043E200A4B7C3 /* fonts in Resources */ = {isa = PBXBuildFile; fileRef = 9C4EEB251A1043E200A4B7C3 /* fonts */; };
		9C4EEB501A1043E200A4B7C3 /* fruit.png in Resources */ = {isa = PBXBuildFile; fileRef = 9C4EEB261A1043E200A4B7C3 /* fruit.png */; };
		9C4EEB511A1043E200A4B7C3 /* HelloWorld.png in Resources */ = {isa = PBXBuildFile; fileRef = 9C4EEB271A1043E200A4B7C3 /* HelloWorld.png */; };
		9C4EEB541A1043E200A4B7C3 /* map.png in Resources */ = {isa = PBXBuildFile; fileRef = 9C4EEB2A1A1043E200A4B7C3 /* map.png */; };
		9C4EEB551A1043E200A4B7C3 /* mark.png in Resources */ = {isa = PBXBuildFile; fileRef = 9C4EEB2B1A1043E200A4B7C3 /* mark.png */; };
		9C4EEB561A1043E200A4B7C3 /* money.png in Resources */ = {isa = PBXBuildFile; fileRef = 9C4EEB2C1A1043E200A4B7C3 /* money.png */; };
		9C4EEB571A1043E200A4B7C3 /* moneygrey.png in Resources */ = {isa = PBXBuildFile; fileRef = 9C4EEB2D1A1043E200A4B7C3 /* moneygrey.png */; };
		9C4EEB581A1043E200A4B7C3 /* monkey2.ExportJson in Resources */ = {isa = PBXBuildFile; fileRef = 9C4EEB2E1A1043E200A4B7C3 /* monkey2.ExportJson */; };
		9C4EEB591A1043E200A4B7C3 /* monkey20.plist in Resources */ = {isa = PBXBuildFile; fileRef = 9C4EEB2F1A1043E200A4B7C3 /* monkey20.plist */; };
		9C4EEB5A1A1043E200A4B7C3 /* monkey20.png in Resources */ = {isa = PBXBuildFile; fileRef = 9C4EEB301A1043E200A4B7C3 /* monkey20.png */; };
		9C4EEB5B1A1043E200A4B7C3 /* p1.ExportJson in Resources */ = {isa = PBXBuildFile; fileRef = 9C4EEB311A1043E200A4B7C3 /* p1.ExportJson */; };
		9C4EEB5C1A1043E200A4B7C3 /* p10.plist in Resources */ = {isa = PBXBuildFile; fileRef = 9C4EEB321A1043E200A4B7C3 /* p10.plist */; };
		9C4EEB5D1A1043E200A4B7C3 /* p10.png in Resources */ = {isa = PBXBuildFile; fileRef = 9C4EEB331A1043E200A4B7C3 /* p10.png */; };
		9C4EEB5E1A1043E200A4B7C3 /* panada.ExportJson in Resources */ = {isa = PBXBuildFile; fileRef = 9C4EEB341A1043E200A4B7C3 /* panada.ExportJson */; };
		9C4EEB5F1A1043E200A4B7C3 /* panada0.plist in Resources */ = {isa = PBXBuildFile; fileRef = 9C4EEB351A1043E200A4B7C3 /* panada0.plist */; };
		9C4EEB601A1043E200A4B7C3 /* panada0.png in Resources */ = {isa = PBXBuildFile; fileRef = 9C4EEB361A1043E200A4B7C3 /* panada0.png */; };
		9C4EEB611A1043E200A4B7C3 /* panda.png in Resources */ = {isa = PBXBuildFile; fileRef = 9C4EEB371A1043E200A4B7C3 /* panda.png */; };
		9C4EEB621A1043E200A4B7C3 /* pandagrey.png in Resources */ = {isa = PBXBuildFile; fileRef = 9C4EEB381A1043E200A4B7C3 /* pandagrey.png */; };
		9C4EEB631A1043E200A4B7C3 /* tiger2.ExportJson in Resources */ = {isa = PBXBuildFile; fileRef = 9C4EEB391A1043E200A4B7C3 /* tiger2.ExportJson */; };
		9C4EEB641A1043E200A4B7C3 /* tiger2.png in Resources */ = {isa = PBXBuildFile; fileRef = 9C4EEB3A1A1043E200A4B7C3 /* tiger2.png */; };
		9C4EEB651A1043E200A4B7C3 /* tiger2grey.png in Resources */ = {isa = PBXBuildFile; fileRef = 9C4EEB3B1A1043E200A4B7C3 /* tiger2grey.png */; };
		9C4EEB661A1043E200A4B7C3 /* tiger20.plist in Resources */ = {isa = PBXBuildFile; fileRef = 9C4EEB3C1A1043E200A4B7C3 /* tiger20.plist */; };
		9C4EEB671A1043E200A4B7C3 /* tiger20.png in Resources */ = {isa = PBXBuildFile; fileRef = 9C4EEB3D1A1043E200A4B7C3 /* tiger20.png */; };
		9C4EEB681A1043E200A4B7C3 /* weapons.plist in Resources */ = {isa = PBXBuildFile; fileRef = 9C4EEB3E1A1043E200A4B7C3 /* weapons.plist */; };
		9C4EEB691A1043E200A4B7C3 /* weapons.pvr.ccz in Resources */ = {isa = PBXBuildFile; fileRef = 9C4EEB3F1A1043E200A4B7C3 /* weapons.pvr.ccz */; };
		9C4EEB6A1A1043E200A4B7C3 /* win.png in Resources */ = {isa = PBXBuildFile; fileRef = 9C4EEB401A1043E200A4B7C3 /* win.png */; };
		9C4EEB9B1A1043F600A4B7C3 /* Animal.cpp in Sources */ = {isa = PBXBuildFile; fileRef = 9C4EEB6B1A1043F600A4B7C3 /* Animal.cpp */; };
		9C4EEB9C1A1043F600A4B7C3 /* Animal2.cpp in Sources */ = {isa = PBXBuildFile; fileRef = 9C4EEB6D1A1043F600A4B7C3 /* Animal2.cpp */; };
		9C4EEB9D1A1043F600A4B7C3 /* Animal2Manager.cpp in Sources */ = {isa = PBXBuildFile; fileRef = 9C4EEB6F1A1043F600A4B7C3 /* Animal2Manager.cpp */; };
		9C4EEB9E1A1043F600A4B7C3 /* AppDelegate.cpp in Sources */ = {isa = PBXBuildFile; fileRef = 9C4EEB711A1043F600A4B7C3 /* AppDelegate.cpp */; };
		9C4EEB9F1A1043F600A4B7C3 /* Attack.cpp in Sources */ = {isa = PBXBuildFile; fileRef = 9C4EEB731A1043F600A4B7C3 /* Attack.cpp */; };
		9C4EEBA01A1043F600A4B7C3 /* Banana.cpp in Sources */ = {isa = PBXBuildFile; fileRef = 9C4EEB751A1043F600A4B7C3 /* Banana.cpp */; };
		9C4EEBA11A1043F600A4B7C3 /* BananaManger.cpp in Sources */ = {isa = PBXBuildFile; fileRef = 9C4EEB771A1043F600A4B7C3 /* BananaManger.cpp */; };
		9C4EEBA21A1043F600A4B7C3 /* blood.cpp in Sources */ = {isa = PBXBuildFile; fileRef = 9C4EEB791A1043F600A4B7C3 /* blood.cpp */; };
		9C4EEBA31A1043F600A4B7C3 /* CustomTool.cpp in Sources */ = {isa = PBXBuildFile; fileRef = 9C4EEB7B1A1043F600A4B7C3 /* CustomTool.cpp */; };
		9C4EEBA41A1043F600A4B7C3 /* Enemy.cpp in Sources */ = {isa = PBXBuildFile; fileRef = 9C4EEB7D1A1043F600A4B7C3 /* Enemy.cpp */; };
		9C4EEBA51A1043F600A4B7C3 /* Enemy2.cpp in Sources */ = {isa = PBXBuildFile; fileRef = 9C4EEB7F1A1043F600A4B7C3 /* Enemy2.cpp */; };
		9C4EEBA61A1043F600A4B7C3 /* Enemy2Manager.cpp in Sources */ = {isa = PBXBuildFile; fileRef = 9C4EEB811A1043F600A4B7C3 /* Enemy2Manager.cpp */; };
		9C4EEBA71A1043F600A4B7C3 /* Fire.cpp in Sources */ = {isa = PBXBuildFile; fileRef = 9C4EEB831A1043F600A4B7C3 /* Fire.cpp */; };
		9C4EEBA81A1043F600A4B7C3 /* FSM.cpp in Sources */ = {isa = PBXBuildFile; fileRef = 9C4EEB851A1043F600A4B7C3 /* FSM.cpp */; };
		9C4EEBA91A1043F600A4B7C3 /* MainScene.cpp in Sources */ = {isa = PBXBuildFile; fileRef = 9C4EEB871A1043F600A4B7C3 /* MainScene.cpp */; };
		9C4EEBAA1A1043F600A4B7C3 /* MapScene.cpp in Sources */ = {isa = PBXBuildFile; fileRef = 9C4EEB891A1043F600A4B7C3 /* MapScene.cpp */; };
		9C4EEBAB1A1043F600A4B7C3 /* Player.cpp in Sources */ = {isa = PBXBuildFile; fileRef = 9C4EEB8B1A1043F600A4B7C3 /* Player.cpp */; };
		9C4EEBAC1A1043F600A4B7C3 /* Progress.cpp in Sources */ = {isa = PBXBuildFile; fileRef = 9C4EEB8D1A1043F600A4B7C3 /* Progress.cpp */; };
		9C4EEBAD1A1043F600A4B7C3 /* StartScene.cpp in Sources */ = {isa = PBXBuildFile; fileRef = 9C4EEB8F1A1043F600A4B7C3 /* StartScene.cpp */; };
		9C4EEBAE1A1043F600A4B7C3 /* Tree.cpp in Sources */ = {isa = PBXBuildFile; fileRef = 9C4EEB911A1043F600A4B7C3 /* Tree.cpp */; };
		9C4EEBAF1A1043F600A4B7C3 /* VisibleRect.cpp in Sources */ = {isa = PBXBuildFile; fileRef = 9C4EEB931A1043F600A4B7C3 /* VisibleRect.cpp */; };
		9C4EEBB01A1043F600A4B7C3 /* Weapon.cpp in Sources */ = {isa = PBXBuildFile; fileRef = 9C4EEB951A1043F600A4B7C3 /* Weapon.cpp */; };
		9C4EEBB11A1043F600A4B7C3 /* WeaponManager.cpp in Sources */ = {isa = PBXBuildFile; fileRef = 9C4EEB971A1043F600A4B7C3 /* WeaponManager.cpp */; };
		9C4EEBB21A1043F600A4B7C3 /* WinScene.cpp in Sources */ = {isa = PBXBuildFile; fileRef = 9C4EEB991A1043F600A4B7C3 /* WinScene.cpp */; };
		9C4EEBB41A117D2F00A4B7C3 /* image in Resources */ = {isa = PBXBuildFile; fileRef = 9C4EEBB31A117D2F00A4B7C3 /* image */; };
		9CEBAB6B1A1B10B500996784 /* SkillButton.cpp in Sources */ = {isa = PBXBuildFile; fileRef = 9CEBAB691A1B10B500996784 /* SkillButton.cpp */; };
		9CEBAB721A1B281000996784 /* weapon1grey.png in Resources */ = {isa = PBXBuildFile; fileRef = 9CEBAB6F1A1B281000996784 /* weapon1grey.png */; };
		9CEBAB731A1B281000996784 /* weapon2grey.png in Resources */ = {isa = PBXBuildFile; fileRef = 9CEBAB701A1B281000996784 /* weapon2grey.png */; };
		9CEBAB741A1B281000996784 /* weapon3grey.png in Resources */ = {isa = PBXBuildFile; fileRef = 9CEBAB711A1B281000996784 /* weapon3grey.png */; };
		BF171245129291EC00B8313A /* OpenGLES.framework in Frameworks */ = {isa = PBXBuildFile; fileRef = BF170DB012928DE900B8313A /* OpenGLES.framework */; };
		BF1712471292920000B8313A /* libz.dylib in Frameworks */ = {isa = PBXBuildFile; fileRef = BF170DB412928DE900B8313A /* libz.dylib */; };
		BF1C47F01293687400B63C5D /* QuartzCore.framework in Frameworks */ = {isa = PBXBuildFile; fileRef = BF1C47EA1293683800B63C5D /* QuartzCore.framework */; };
		D44C620C132DFF330009C878 /* OpenAL.framework in Frameworks */ = {isa = PBXBuildFile; fileRef = D44C620B132DFF330009C878 /* OpenAL.framework */; };
		D44C620E132DFF430009C878 /* AVFoundation.framework in Frameworks */ = {isa = PBXBuildFile; fileRef = D44C620D132DFF430009C878 /* AVFoundation.framework */; };
		D44C6210132DFF4E0009C878 /* AudioToolbox.framework in Frameworks */ = {isa = PBXBuildFile; fileRef = D44C620F132DFF4E0009C878 /* AudioToolbox.framework */; };
		D6B0611B1803AB670077942B /* CoreMotion.framework in Frameworks */ = {isa = PBXBuildFile; fileRef = D6B0611A1803AB670077942B /* CoreMotion.framework */; };
/* End PBXBuildFile section */

/* Begin PBXContainerItemProxy section */
		1AC6FAF8180E9839004C840B /* PBXContainerItemProxy */ = {
			isa = PBXContainerItemProxy;
			containerPortal = 1AC6FAE5180E9839004C840B /* cocos2d_libs.xcodeproj */;
			proxyType = 2;
			remoteGlobalIDString = 1551A33F158F2AB200E66CFE;
			remoteInfo = "cocos2dx Mac";
		};
		1AC6FAFA180E9839004C840B /* PBXContainerItemProxy */ = {
			isa = PBXContainerItemProxy;
			containerPortal = 1AC6FAE5180E9839004C840B /* cocos2d_libs.xcodeproj */;
			proxyType = 2;
			remoteGlobalIDString = A03F2FD617814595006731B9;
			remoteInfo = "cocos2dx-extensions Mac";
		};
		1AC6FAFC180E9839004C840B /* PBXContainerItemProxy */ = {
			isa = PBXContainerItemProxy;
			containerPortal = 1AC6FAE5180E9839004C840B /* cocos2d_libs.xcodeproj */;
			proxyType = 2;
			remoteGlobalIDString = A03F2CB81780BD04006731B9;
			remoteInfo = "chipmunk Mac";
		};
		1AC6FAFE180E9839004C840B /* PBXContainerItemProxy */ = {
			isa = PBXContainerItemProxy;
			containerPortal = 1AC6FAE5180E9839004C840B /* cocos2d_libs.xcodeproj */;
			proxyType = 2;
			remoteGlobalIDString = A03F2D9B1780BDF7006731B9;
			remoteInfo = "box2d Mac";
		};
		1AC6FB00180E9839004C840B /* PBXContainerItemProxy */ = {
			isa = PBXContainerItemProxy;
			containerPortal = 1AC6FAE5180E9839004C840B /* cocos2d_libs.xcodeproj */;
			proxyType = 2;
			remoteGlobalIDString = A03F2ED617814268006731B9;
			remoteInfo = "CocosDenshion Mac";
		};
		1AC6FB06180E9839004C840B /* PBXContainerItemProxy */ = {
			isa = PBXContainerItemProxy;
			containerPortal = 1AC6FAE5180E9839004C840B /* cocos2d_libs.xcodeproj */;
			proxyType = 2;
			remoteGlobalIDString = A07A4D641783777C0073F6A7;
			remoteInfo = "cocos2dx iOS";
		};
		1AC6FB08180E9839004C840B /* PBXContainerItemProxy */ = {
			isa = PBXContainerItemProxy;
			containerPortal = 1AC6FAE5180E9839004C840B /* cocos2d_libs.xcodeproj */;
			proxyType = 2;
			remoteGlobalIDString = A07A4EFC1783867C0073F6A7;
			remoteInfo = "cocos2dx-extensions iOS";
		};
		1AC6FB0A180E9839004C840B /* PBXContainerItemProxy */ = {
			isa = PBXContainerItemProxy;
			containerPortal = 1AC6FAE5180E9839004C840B /* cocos2d_libs.xcodeproj */;
			proxyType = 2;
			remoteGlobalIDString = A07A4F3B178387670073F6A7;
			remoteInfo = "chipmunk iOS";
		};
		1AC6FB0C180E9839004C840B /* PBXContainerItemProxy */ = {
			isa = PBXContainerItemProxy;
			containerPortal = 1AC6FAE5180E9839004C840B /* cocos2d_libs.xcodeproj */;
			proxyType = 2;
			remoteGlobalIDString = A07A4F9E1783876B0073F6A7;
			remoteInfo = "box2d iOS";
		};
		1AC6FB0E180E9839004C840B /* PBXContainerItemProxy */ = {
			isa = PBXContainerItemProxy;
			containerPortal = 1AC6FAE5180E9839004C840B /* cocos2d_libs.xcodeproj */;
			proxyType = 2;
			remoteGlobalIDString = A07A4FB4178387730073F6A7;
			remoteInfo = "CocosDenshion iOS";
		};
		1AC6FB15180E9959004C840B /* PBXContainerItemProxy */ = {
			isa = PBXContainerItemProxy;
			containerPortal = 1AC6FAE5180E9839004C840B /* cocos2d_libs.xcodeproj */;
			proxyType = 1;
			remoteGlobalIDString = 1551A33E158F2AB200E66CFE;
			remoteInfo = "cocos2dx Mac";
		};
		1AC6FB17180E9959004C840B /* PBXContainerItemProxy */ = {
			isa = PBXContainerItemProxy;
			containerPortal = 1AC6FAE5180E9839004C840B /* cocos2d_libs.xcodeproj */;
			proxyType = 1;
			remoteGlobalIDString = A03F2FC117814595006731B9;
			remoteInfo = "cocos2dx-extensions Mac";
		};
		1AC6FB19180E9959004C840B /* PBXContainerItemProxy */ = {
			isa = PBXContainerItemProxy;
			containerPortal = 1AC6FAE5180E9839004C840B /* cocos2d_libs.xcodeproj */;
			proxyType = 1;
			remoteGlobalIDString = A03F2B781780BD04006731B9;
			remoteInfo = "chipmunk Mac";
		};
		1AC6FB1B180E9959004C840B /* PBXContainerItemProxy */ = {
			isa = PBXContainerItemProxy;
			containerPortal = 1AC6FAE5180E9839004C840B /* cocos2d_libs.xcodeproj */;
			proxyType = 1;
			remoteGlobalIDString = A03F2E9817814268006731B9;
			remoteInfo = "CocosDenshion Mac";
		};
		1AC6FB1D180E9963004C840B /* PBXContainerItemProxy */ = {
			isa = PBXContainerItemProxy;
			containerPortal = 1AC6FAE5180E9839004C840B /* cocos2d_libs.xcodeproj */;
			proxyType = 1;
			remoteGlobalIDString = A03F2D5D1780BDF7006731B9;
			remoteInfo = "box2d Mac";
		};
		1AC6FB24180E99E1004C840B /* PBXContainerItemProxy */ = {
			isa = PBXContainerItemProxy;
			containerPortal = 1AC6FAE5180E9839004C840B /* cocos2d_libs.xcodeproj */;
			proxyType = 1;
			remoteGlobalIDString = A07A4C241783777C0073F6A7;
			remoteInfo = "cocos2dx iOS";
		};
		1AC6FB26180E99E1004C840B /* PBXContainerItemProxy */ = {
			isa = PBXContainerItemProxy;
			containerPortal = 1AC6FAE5180E9839004C840B /* cocos2d_libs.xcodeproj */;
			proxyType = 1;
			remoteGlobalIDString = A07A4E111783867C0073F6A7;
			remoteInfo = "cocos2dx-extensions iOS";
		};
		1AC6FB28180E99E1004C840B /* PBXContainerItemProxy */ = {
			isa = PBXContainerItemProxy;
			containerPortal = 1AC6FAE5180E9839004C840B /* cocos2d_libs.xcodeproj */;
			proxyType = 1;
			remoteGlobalIDString = A07A4EFD178387670073F6A7;
			remoteInfo = "chipmunk iOS";
		};
		1AC6FB2A180E99E1004C840B /* PBXContainerItemProxy */ = {
			isa = PBXContainerItemProxy;
			containerPortal = 1AC6FAE5180E9839004C840B /* cocos2d_libs.xcodeproj */;
			proxyType = 1;
			remoteGlobalIDString = A07A4F3C1783876B0073F6A7;
			remoteInfo = "box2d iOS";
		};
		1AC6FB2C180E99E1004C840B /* PBXContainerItemProxy */ = {
			isa = PBXContainerItemProxy;
			containerPortal = 1AC6FAE5180E9839004C840B /* cocos2d_libs.xcodeproj */;
			proxyType = 1;
			remoteGlobalIDString = A07A4F9F178387730073F6A7;
			remoteInfo = "CocosDenshion iOS";
		};
/* End PBXContainerItemProxy section */

/* Begin PBXFileReference section */
		1AC6FAE5180E9839004C840B /* cocos2d_libs.xcodeproj */ = {isa = PBXFileReference; lastKnownFileType = "wrapper.pb-project"; name = cocos2d_libs.xcodeproj; path = ../cocos2d/build/cocos2d_libs.xcodeproj; sourceTree = "<group>"; };
		1ACB3243164770DE00914215 /* libcurl.a */ = {isa = PBXFileReference; lastKnownFileType = archive.ar; name = libcurl.a; path = ../../cocos2dx/platform/third_party/ios/libraries/libcurl.a; sourceTree = "<group>"; };
		1D30AB110D05D00D00671497 /* Foundation.framework */ = {isa = PBXFileReference; lastKnownFileType = wrapper.framework; name = Foundation.framework; path = System/Library/Frameworks/Foundation.framework; sourceTree = SDKROOT; };
		1D6058910D05DD3D006BFB54 /* brave iOS.app */ = {isa = PBXFileReference; explicitFileType = wrapper.application; includeInIndex = 0; path = "brave iOS.app"; sourceTree = BUILT_PRODUCTS_DIR; };
		1DF5F4DF0D08C38300B7A737 /* UIKit.framework */ = {isa = PBXFileReference; lastKnownFileType = wrapper.framework; name = UIKit.framework; path = System/Library/Frameworks/UIKit.framework; sourceTree = SDKROOT; };
		288765A40DF7441C002DB57D /* CoreGraphics.framework */ = {isa = PBXFileReference; lastKnownFileType = wrapper.framework; name = CoreGraphics.framework; path = System/Library/Frameworks/CoreGraphics.framework; sourceTree = SDKROOT; };
		503AE0F617EB97AB00D1A890 /* Icon.icns */ = {isa = PBXFileReference; lastKnownFileType = image.icns; path = Icon.icns; sourceTree = "<group>"; };
		503AE0F717EB97AB00D1A890 /* Info.plist */ = {isa = PBXFileReference; fileEncoding = 4; lastKnownFileType = text.plist.xml; path = Info.plist; sourceTree = "<group>"; };
		503AE0FA17EB989F00D1A890 /* AppController.h */ = {isa = PBXFileReference; fileEncoding = 4; lastKnownFileType = sourcecode.c.h; name = AppController.h; path = ios/AppController.h; sourceTree = SOURCE_ROOT; };
		503AE0FB17EB989F00D1A890 /* AppController.mm */ = {isa = PBXFileReference; fileEncoding = 4; lastKnownFileType = sourcecode.cpp.objcpp; name = AppController.mm; path = ios/AppController.mm; sourceTree = SOURCE_ROOT; };
		503AE0FC17EB989F00D1A890 /* main.m */ = {isa = PBXFileReference; fileEncoding = 4; lastKnownFileType = sourcecode.c.objc; name = main.m; path = ios/main.m; sourceTree = SOURCE_ROOT; };
		503AE0FD17EB989F00D1A890 /* Prefix.pch */ = {isa = PBXFileReference; fileEncoding = 4; lastKnownFileType = sourcecode.c.h; name = Prefix.pch; path = ios/Prefix.pch; sourceTree = SOURCE_ROOT; };
		503AE0FE17EB989F00D1A890 /* RootViewController.h */ = {isa = PBXFileReference; fileEncoding = 4; lastKnownFileType = sourcecode.c.h; name = RootViewController.h; path = ios/RootViewController.h; sourceTree = SOURCE_ROOT; };
		503AE0FF17EB989F00D1A890 /* RootViewController.mm */ = {isa = PBXFileReference; fileEncoding = 4; lastKnownFileType = sourcecode.cpp.objcpp; name = RootViewController.mm; path = ios/RootViewController.mm; sourceTree = SOURCE_ROOT; };
		503AE10317EB98FF00D1A890 /* main.cpp */ = {isa = PBXFileReference; fileEncoding = 4; lastKnownFileType = sourcecode.cpp.cpp; name = main.cpp; path = mac/main.cpp; sourceTree = "<group>"; };
		503AE10417EB98FF00D1A890 /* Prefix.pch */ = {isa = PBXFileReference; fileEncoding = 4; lastKnownFileType = sourcecode.c.h; name = Prefix.pch; path = mac/Prefix.pch; sourceTree = "<group>"; };
		503AE11117EB99EE00D1A890 /* libcurl.dylib */ = {isa = PBXFileReference; lastKnownFileType = "compiled.mach-o.dylib"; name = libcurl.dylib; path = usr/lib/libcurl.dylib; sourceTree = SDKROOT; };
		503AE11A17EB9C5A00D1A890 /* IOKit.framework */ = {isa = PBXFileReference; lastKnownFileType = wrapper.framework; name = IOKit.framework; path = System/Library/Frameworks/IOKit.framework; sourceTree = SDKROOT; };
		5087E76F17EB910900C73F5D /* brave Mac.app */ = {isa = PBXFileReference; explicitFileType = wrapper.application; includeInIndex = 0; path = "brave Mac.app"; sourceTree = BUILT_PRODUCTS_DIR; };
		5087E77217EB970100C73F5D /* Default-568h@2x.png */ = {isa = PBXFileReference; lastKnownFileType = image.png; path = "Default-568h@2x.png"; sourceTree = "<group>"; };
		5087E77317EB970100C73F5D /* Default.png */ = {isa = PBXFileReference; lastKnownFileType = image.png; path = Default.png; sourceTree = "<group>"; };
		5087E77417EB970100C73F5D /* Default@2x.png */ = {isa = PBXFileReference; lastKnownFileType = image.png; path = "Default@2x.png"; sourceTree = "<group>"; };
		5087E77517EB970100C73F5D /* Icon-114.png */ = {isa = PBXFileReference; lastKnownFileType = image.png; path = "Icon-114.png"; sourceTree = "<group>"; };
		5087E77617EB970100C73F5D /* Icon-120.png */ = {isa = PBXFileReference; lastKnownFileType = image.png; path = "Icon-120.png"; sourceTree = "<group>"; };
		5087E77717EB970100C73F5D /* Icon-144.png */ = {isa = PBXFileReference; lastKnownFileType = image.png; path = "Icon-144.png"; sourceTree = "<group>"; };
		5087E77817EB970100C73F5D /* Icon-152.png */ = {isa = PBXFileReference; lastKnownFileType = image.png; path = "Icon-152.png"; sourceTree = "<group>"; };
		5087E77917EB970100C73F5D /* Icon-57.png */ = {isa = PBXFileReference; lastKnownFileType = image.png; path = "Icon-57.png"; sourceTree = "<group>"; };
		5087E77A17EB970100C73F5D /* Icon-72.png */ = {isa = PBXFileReference; lastKnownFileType = image.png; path = "Icon-72.png"; sourceTree = "<group>"; };
		5087E77B17EB970100C73F5D /* Icon-76.png */ = {isa = PBXFileReference; lastKnownFileType = image.png; path = "Icon-76.png"; sourceTree = "<group>"; };
		5087E77C17EB970100C73F5D /* Info.plist */ = {isa = PBXFileReference; fileEncoding = 4; lastKnownFileType = text.plist.xml; path = Info.plist; sourceTree = "<group>"; };
		5087E78817EB974C00C73F5D /* AppKit.framework */ = {isa = PBXFileReference; lastKnownFileType = wrapper.framework; name = AppKit.framework; path = System/Library/Frameworks/AppKit.framework; sourceTree = SDKROOT; };
		5087E78A17EB975400C73F5D /* OpenGL.framework */ = {isa = PBXFileReference; lastKnownFileType = wrapper.framework; name = OpenGL.framework; path = System/Library/Frameworks/OpenGL.framework; sourceTree = SDKROOT; };
		50EF629217ECD46A001EB2F8 /* Icon-40.png */ = {isa = PBXFileReference; lastKnownFileType = image.png; path = "Icon-40.png"; sourceTree = "<group>"; };
		50EF629317ECD46A001EB2F8 /* Icon-58.png */ = {isa = PBXFileReference; lastKnownFileType = image.png; path = "Icon-58.png"; sourceTree = "<group>"; };
		50EF629417ECD46A001EB2F8 /* Icon-80.png */ = {isa = PBXFileReference; lastKnownFileType = image.png; path = "Icon-80.png"; sourceTree = "<group>"; };
		50EF629517ECD46A001EB2F8 /* Icon-100.png */ = {isa = PBXFileReference; lastKnownFileType = image.png; path = "Icon-100.png"; sourceTree = "<group>"; };
		50EF62A017ECD613001EB2F8 /* Icon-29.png */ = {isa = PBXFileReference; lastKnownFileType = image.png; path = "Icon-29.png"; sourceTree = "<group>"; };
		50EF62A117ECD613001EB2F8 /* Icon-50.png */ = {isa = PBXFileReference; lastKnownFileType = image.png; path = "Icon-50.png"; sourceTree = "<group>"; };
		9C11DE811A140F7800ECEBB2 /* weapon1.png */ = {isa = PBXFileReference; lastKnownFileType = image.png; path = weapon1.png; sourceTree = "<group>"; };
		9C11DE821A140F7800ECEBB2 /* weapon2.png */ = {isa = PBXFileReference; lastKnownFileType = image.png; path = weapon2.png; sourceTree = "<group>"; };
		9C11DE871A1471BE00ECEBB2 /* weapon3.png */ = {isa = PBXFileReference; lastKnownFileType = image.png; path = weapon3.png; sourceTree = "<group>"; };
		9C11DE8A1A14723B00ECEBB2 /* backToMap.png */ = {isa = PBXFileReference; lastKnownFileType = image.png; path = backToMap.png; sourceTree = "<group>"; };
		9C11DE8B1A14723B00ECEBB2 /* lose.png */ = {isa = PBXFileReference; lastKnownFileType = image.png; path = lose.png; sourceTree = "<group>"; };
		9C11DE8F1A14726000ECEBB2 /* LoseScene.cpp */ = {isa = PBXFileReference; fileEncoding = 4; lastKnownFileType = sourcecode.cpp.cpp; name = LoseScene.cpp; path = ../Classes/LoseScene.cpp; sourceTree = "<group>"; };
		9C11DE901A14726000ECEBB2 /* LoseScene.h */ = {isa = PBXFileReference; fileEncoding = 4; lastKnownFileType = sourcecode.c.h; name = LoseScene.h; path = ../Classes/LoseScene.h; sourceTree = "<group>"; };
		9C4EEB171A1043E200A4B7C3 /* animal.ExportJson */ = {isa = PBXFileReference; fileEncoding = 4; lastKnownFileType = text; path = animal.ExportJson; sourceTree = "<group>"; };
		9C4EEB181A1043E200A4B7C3 /* animal0.plist */ = {isa = PBXFileReference; fileEncoding = 4; lastKnownFileType = text.plist.xml; path = animal0.plist; sourceTree = "<group>"; };
		9C4EEB191A1043E200A4B7C3 /* animal0.png */ = {isa = PBXFileReference; lastKnownFileType = image.png; path = animal0.png; sourceTree = "<group>"; };
		9C4EEB1C1A1043E200A4B7C3 /* AudioClip */ = {isa = PBXFileReference; lastKnownFileType = folder; path = AudioClip; sourceTree = "<group>"; };
		9C4EEB1D1A1043E200A4B7C3 /* back.png */ = {isa = PBXFileReference; lastKnownFileType = image.png; path = back.png; sourceTree = "<group>"; };
		9C4EEB1E1A1043E200A4B7C3 /* background.png */ = {isa = PBXFileReference; lastKnownFileType = image.png; path = background.png; sourceTree = "<group>"; };
		9C4EEB1F1A1043E200A4B7C3 /* banana.png */ = {isa = PBXFileReference; lastKnownFileType = image.png; path = banana.png; sourceTree = "<group>"; };
		9C4EEB201A1043E200A4B7C3 /* CloseNormal.png */ = {isa = PBXFileReference; lastKnownFileType = image.png; path = CloseNormal.png; sourceTree = "<group>"; };
		9C4EEB211A1043E200A4B7C3 /* CloseSelected.png */ = {isa = PBXFileReference; lastKnownFileType = image.png; path = CloseSelected.png; sourceTree = "<group>"; };
		9C4EEB221A1043E200A4B7C3 /* cloth.png */ = {isa = PBXFileReference; lastKnownFileType = image.png; path = cloth.png; sourceTree = "<group>"; };
		9C4EEB231A1043E200A4B7C3 /* clothgrey.png */ = {isa = PBXFileReference; lastKnownFileType = image.png; path = clothgrey.png; sourceTree = "<group>"; };
		9C4EEB241A1043E200A4B7C3 /* fire */ = {isa = PBXFileReference; lastKnownFileType = folder; path = fire; sourceTree = "<group>"; };
		9C4EEB251A1043E200A4B7C3 /* fonts */ = {isa = PBXFileReference; lastKnownFileType = folder; path = fonts; sourceTree = "<group>"; };
		9C4EEB261A1043E200A4B7C3 /* fruit.png */ = {isa = PBXFileReference; lastKnownFileType = image.png; path = fruit.png; sourceTree = "<group>"; };
		9C4EEB271A1043E200A4B7C3 /* HelloWorld.png */ = {isa = PBXFileReference; lastKnownFileType = image.png; path = HelloWorld.png; sourceTree = "<group>"; };
		9C4EEB2A1A1043E200A4B7C3 /* map.png */ = {isa = PBXFileReference; lastKnownFileType = image.png; path = map.png; sourceTree = "<group>"; };
		9C4EEB2B1A1043E200A4B7C3 /* mark.png */ = {isa = PBXFileReference; lastKnownFileType = image.png; path = mark.png; sourceTree = "<group>"; };
		9C4EEB2C1A1043E200A4B7C3 /* money.png */ = {isa = PBXFileReference; lastKnownFileType = image.png; path = money.png; sourceTree = "<group>"; };
		9C4EEB2D1A1043E200A4B7C3 /* moneygrey.png */ = {isa = PBXFileReference; lastKnownFileType = image.png; path = moneygrey.png; sourceTree = "<group>"; };
		9C4EEB2E1A1043E200A4B7C3 /* monkey2.ExportJson */ = {isa = PBXFileReference; fileEncoding = 4; lastKnownFileType = text; path = monkey2.ExportJson; sourceTree = "<group>"; };
		9C4EEB2F1A1043E200A4B7C3 /* monkey20.plist */ = {isa = PBXFileReference; fileEncoding = 4; lastKnownFileType = text.plist.xml; path = monkey20.plist; sourceTree = "<group>"; };
		9C4EEB301A1043E200A4B7C3 /* monkey20.png */ = {isa = PBXFileReference; lastKnownFileType = image.png; path = monkey20.png; sourceTree = "<group>"; };
		9C4EEB311A1043E200A4B7C3 /* p1.ExportJson */ = {isa = PBXFileReference; fileEncoding = 4; lastKnownFileType = text; path = p1.ExportJson; sourceTree = "<group>"; };
		9C4EEB321A1043E200A4B7C3 /* p10.plist */ = {isa = PBXFileReference; fileEncoding = 4; lastKnownFileType = text.plist.xml; path = p10.plist; sourceTree = "<group>"; };
		9C4EEB331A1043E200A4B7C3 /* p10.png */ = {isa = PBXFileReference; lastKnownFileType = image.png; path = p10.png; sourceTree = "<group>"; };
		9C4EEB341A1043E200A4B7C3 /* panada.ExportJson */ = {isa = PBXFileReference; fileEncoding = 4; lastKnownFileType = text; path = panada.ExportJson; sourceTree = "<group>"; };
		9C4EEB351A1043E200A4B7C3 /* panada0.plist */ = {isa = PBXFileReference; fileEncoding = 4; lastKnownFileType = text.plist.xml; path = panada0.plist; sourceTree = "<group>"; };
		9C4EEB361A1043E200A4B7C3 /* panada0.png */ = {isa = PBXFileReference; lastKnownFileType = image.png; path = panada0.png; sourceTree = "<group>"; };
		9C4EEB371A1043E200A4B7C3 /* panda.png */ = {isa = PBXFileReference; lastKnownFileType = image.png; path = panda.png; sourceTree = "<group>"; };
		9C4EEB381A1043E200A4B7C3 /* pandagrey.png */ = {isa = PBXFileReference; lastKnownFileType = image.png; path = pandagrey.png; sourceTree = "<group>"; };
		9C4EEB391A1043E200A4B7C3 /* tiger2.ExportJson */ = {isa = PBXFileReference; fileEncoding = 4; lastKnownFileType = text; path = tiger2.ExportJson; sourceTree = "<group>"; };
		9C4EEB3A1A1043E200A4B7C3 /* tiger2.png */ = {isa = PBXFileReference; lastKnownFileType = image.png; path = tiger2.png; sourceTree = "<group>"; };
		9C4EEB3B1A1043E200A4B7C3 /* tiger2grey.png */ = {isa = PBXFileReference; lastKnownFileType = image.png; path = tiger2grey.png; sourceTree = "<group>"; };
		9C4EEB3C1A1043E200A4B7C3 /* tiger20.plist */ = {isa = PBXFileReference; fileEncoding = 4; lastKnownFileType = text.plist.xml; path = tiger20.plist; sourceTree = "<group>"; };
		9C4EEB3D1A1043E200A4B7C3 /* tiger20.png */ = {isa = PBXFileReference; lastKnownFileType = image.png; path = tiger20.png; sourceTree = "<group>"; };
		9C4EEB3E1A1043E200A4B7C3 /* weapons.plist */ = {isa = PBXFileReference; fileEncoding = 4; lastKnownFileType = text.plist.xml; path = weapons.plist; sourceTree = "<group>"; };
		9C4EEB3F1A1043E200A4B7C3 /* weapons.pvr.ccz */ = {isa = PBXFileReference; lastKnownFileType = file; path = weapons.pvr.ccz; sourceTree = "<group>"; };
		9C4EEB401A1043E200A4B7C3 /* win.png */ = {isa = PBXFileReference; lastKnownFileType = image.png; path = win.png; sourceTree = "<group>"; };
		9C4EEB6B1A1043F600A4B7C3 /* Animal.cpp */ = {isa = PBXFileReference; fileEncoding = 4; lastKnownFileType = sourcecode.cpp.cpp; name = Animal.cpp; path = ../Classes/Animal.cpp; sourceTree = "<group>"; };
		9C4EEB6C1A1043F600A4B7C3 /* Animal.h */ = {isa = PBXFileReference; fileEncoding = 4; lastKnownFileType = sourcecode.c.h; name = Animal.h; path = ../Classes/Animal.h; sourceTree = "<group>"; };
		9C4EEB6D1A1043F600A4B7C3 /* Animal2.cpp */ = {isa = PBXFileReference; fileEncoding = 4; lastKnownFileType = sourcecode.cpp.cpp; name = Animal2.cpp; path = ../Classes/Animal2.cpp; sourceTree = "<group>"; };
		9C4EEB6E1A1043F600A4B7C3 /* Animal2.h */ = {isa = PBXFileReference; fileEncoding = 4; lastKnownFileType = sourcecode.c.h; name = Animal2.h; path = ../Classes/Animal2.h; sourceTree = "<group>"; };
		9C4EEB6F1A1043F600A4B7C3 /* Animal2Manager.cpp */ = {isa = PBXFileReference; fileEncoding = 4; lastKnownFileType = sourcecode.cpp.cpp; name = Animal2Manager.cpp; path = ../Classes/Animal2Manager.cpp; sourceTree = "<group>"; };
		9C4EEB701A1043F600A4B7C3 /* Animal2Manager.h */ = {isa = PBXFileReference; fileEncoding = 4; lastKnownFileType = sourcecode.c.h; name = Animal2Manager.h; path = ../Classes/Animal2Manager.h; sourceTree = "<group>"; };
		9C4EEB711A1043F600A4B7C3 /* AppDelegate.cpp */ = {isa = PBXFileReference; fileEncoding = 4; lastKnownFileType = sourcecode.cpp.cpp; name = AppDelegate.cpp; path = ../Classes/AppDelegate.cpp; sourceTree = "<group>"; };
		9C4EEB721A1043F600A4B7C3 /* AppDelegate.h */ = {isa = PBXFileReference; fileEncoding = 4; lastKnownFileType = sourcecode.c.h; name = AppDelegate.h; path = ../Classes/AppDelegate.h; sourceTree = "<group>"; };
		9C4EEB731A1043F600A4B7C3 /* Attack.cpp */ = {isa = PBXFileReference; fileEncoding = 4; lastKnownFileType = sourcecode.cpp.cpp; name = Attack.cpp; path = ../Classes/Attack.cpp; sourceTree = "<group>"; };
		9C4EEB741A1043F600A4B7C3 /* Attack.h */ = {isa = PBXFileReference; fileEncoding = 4; lastKnownFileType = sourcecode.c.h; name = Attack.h; path = ../Classes/Attack.h; sourceTree = "<group>"; };
		9C4EEB751A1043F600A4B7C3 /* Banana.cpp */ = {isa = PBXFileReference; fileEncoding = 4; lastKnownFileType = sourcecode.cpp.cpp; name = Banana.cpp; path = ../Classes/Banana.cpp; sourceTree = "<group>"; };
		9C4EEB761A1043F600A4B7C3 /* Banana.h */ = {isa = PBXFileReference; fileEncoding = 4; lastKnownFileType = sourcecode.c.h; name = Banana.h; path = ../Classes/Banana.h; sourceTree = "<group>"; };
		9C4EEB771A1043F600A4B7C3 /* BananaManger.cpp */ = {isa = PBXFileReference; fileEncoding = 4; lastKnownFileType = sourcecode.cpp.cpp; name = BananaManger.cpp; path = ../Classes/BananaManger.cpp; sourceTree = "<group>"; };
		9C4EEB781A1043F600A4B7C3 /* BananaManger.h */ = {isa = PBXFileReference; fileEncoding = 4; lastKnownFileType = sourcecode.c.h; name = BananaManger.h; path = ../Classes/BananaManger.h; sourceTree = "<group>"; };
		9C4EEB791A1043F600A4B7C3 /* blood.cpp */ = {isa = PBXFileReference; fileEncoding = 4; lastKnownFileType = sourcecode.cpp.cpp; name = blood.cpp; path = ../Classes/blood.cpp; sourceTree = "<group>"; };
		9C4EEB7A1A1043F600A4B7C3 /* blood.h */ = {isa = PBXFileReference; fileEncoding = 4; lastKnownFileType = sourcecode.c.h; name = blood.h; path = ../Classes/blood.h; sourceTree = "<group>"; };
		9C4EEB7B1A1043F600A4B7C3 /* CustomTool.cpp */ = {isa = PBXFileReference; fileEncoding = 4; lastKnownFileType = sourcecode.cpp.cpp; name = CustomTool.cpp; path = ../Classes/CustomTool.cpp; sourceTree = "<group>"; };
		9C4EEB7C1A1043F600A4B7C3 /* CustomTool.h */ = {isa = PBXFileReference; fileEncoding = 4; lastKnownFileType = sourcecode.c.h; name = CustomTool.h; path = ../Classes/CustomTool.h; sourceTree = "<group>"; };
		9C4EEB7D1A1043F600A4B7C3 /* Enemy.cpp */ = {isa = PBXFileReference; fileEncoding = 4; lastKnownFileType = sourcecode.cpp.cpp; name = Enemy.cpp; path = ../Classes/Enemy.cpp; sourceTree = "<group>"; };
		9C4EEB7E1A1043F600A4B7C3 /* Enemy.h */ = {isa = PBXFileReference; fileEncoding = 4; lastKnownFileType = sourcecode.c.h; name = Enemy.h; path = ../Classes/Enemy.h; sourceTree = "<group>"; };
		9C4EEB7F1A1043F600A4B7C3 /* Enemy2.cpp */ = {isa = PBXFileReference; fileEncoding = 4; lastKnownFileType = sourcecode.cpp.cpp; name = Enemy2.cpp; path = ../Classes/Enemy2.cpp; sourceTree = "<group>"; };
		9C4EEB801A1043F600A4B7C3 /* Enemy2.h */ = {isa = PBXFileReference; fileEncoding = 4; lastKnownFileType = sourcecode.c.h; name = Enemy2.h; path = ../Classes/Enemy2.h; sourceTree = "<group>"; };
		9C4EEB811A1043F600A4B7C3 /* Enemy2Manager.cpp */ = {isa = PBXFileReference; fileEncoding = 4; lastKnownFileType = sourcecode.cpp.cpp; name = Enemy2Manager.cpp; path = ../Classes/Enemy2Manager.cpp; sourceTree = "<group>"; };
		9C4EEB821A1043F600A4B7C3 /* Enemy2Manager.h */ = {isa = PBXFileReference; fileEncoding = 4; lastKnownFileType = sourcecode.c.h; name = Enemy2Manager.h; path = ../Classes/Enemy2Manager.h; sourceTree = "<group>"; };
		9C4EEB831A1043F600A4B7C3 /* Fire.cpp */ = {isa = PBXFileReference; fileEncoding = 4; lastKnownFileType = sourcecode.cpp.cpp; name = Fire.cpp; path = ../Classes/Fire.cpp; sourceTree = "<group>"; };
		9C4EEB841A1043F600A4B7C3 /* Fire.h */ = {isa = PBXFileReference; fileEncoding = 4; lastKnownFileType = sourcecode.c.h; name = Fire.h; path = ../Classes/Fire.h; sourceTree = "<group>"; };
		9C4EEB851A1043F600A4B7C3 /* FSM.cpp */ = {isa = PBXFileReference; fileEncoding = 4; lastKnownFileType = sourcecode.cpp.cpp; name = FSM.cpp; path = ../Classes/FSM.cpp; sourceTree = "<group>"; };
		9C4EEB861A1043F600A4B7C3 /* FSM.h */ = {isa = PBXFileReference; fileEncoding = 4; lastKnownFileType = sourcecode.c.h; name = FSM.h; path = ../Classes/FSM.h; sourceTree = "<group>"; };
		9C4EEB871A1043F600A4B7C3 /* MainScene.cpp */ = {isa = PBXFileReference; fileEncoding = 4; lastKnownFileType = sourcecode.cpp.cpp; name = MainScene.cpp; path = ../Classes/MainScene.cpp; sourceTree = "<group>"; };
		9C4EEB881A1043F600A4B7C3 /* MainScene.h */ = {isa = PBXFileReference; fileEncoding = 4; lastKnownFileType = sourcecode.c.h; name = MainScene.h; path = ../Classes/MainScene.h; sourceTree = "<group>"; };
		9C4EEB891A1043F600A4B7C3 /* MapScene.cpp */ = {isa = PBXFileReference; fileEncoding = 4; lastKnownFileType = sourcecode.cpp.cpp; name = MapScene.cpp; path = ../Classes/MapScene.cpp; sourceTree = "<group>"; };
		9C4EEB8A1A1043F600A4B7C3 /* MapScene.h */ = {isa = PBXFileReference; fileEncoding = 4; lastKnownFileType = sourcecode.c.h; name = MapScene.h; path = ../Classes/MapScene.h; sourceTree = "<group>"; };
		9C4EEB8B1A1043F600A4B7C3 /* Player.cpp */ = {isa = PBXFileReference; fileEncoding = 4; lastKnownFileType = sourcecode.cpp.cpp; name = Player.cpp; path = ../Classes/Player.cpp; sourceTree = "<group>"; };
		9C4EEB8C1A1043F600A4B7C3 /* Player.h */ = {isa = PBXFileReference; fileEncoding = 4; lastKnownFileType = sourcecode.c.h; name = Player.h; path = ../Classes/Player.h; sourceTree = "<group>"; };
		9C4EEB8D1A1043F600A4B7C3 /* Progress.cpp */ = {isa = PBXFileReference; fileEncoding = 4; lastKnownFileType = sourcecode.cpp.cpp; name = Progress.cpp; path = ../Classes/Progress.cpp; sourceTree = "<group>"; };
		9C4EEB8E1A1043F600A4B7C3 /* Progress.h */ = {isa = PBXFileReference; fileEncoding = 4; lastKnownFileType = sourcecode.c.h; name = Progress.h; path = ../Classes/Progress.h; sourceTree = "<group>"; };
		9C4EEB8F1A1043F600A4B7C3 /* StartScene.cpp */ = {isa = PBXFileReference; fileEncoding = 4; lastKnownFileType = sourcecode.cpp.cpp; name = StartScene.cpp; path = ../Classes/StartScene.cpp; sourceTree = "<group>"; };
		9C4EEB901A1043F600A4B7C3 /* StartScene.h */ = {isa = PBXFileReference; fileEncoding = 4; lastKnownFileType = sourcecode.c.h; name = StartScene.h; path = ../Classes/StartScene.h; sourceTree = "<group>"; };
		9C4EEB911A1043F600A4B7C3 /* Tree.cpp */ = {isa = PBXFileReference; fileEncoding = 4; lastKnownFileType = sourcecode.cpp.cpp; name = Tree.cpp; path = ../Classes/Tree.cpp; sourceTree = "<group>"; };
		9C4EEB921A1043F600A4B7C3 /* Tree.h */ = {isa = PBXFileReference; fileEncoding = 4; lastKnownFileType = sourcecode.c.h; name = Tree.h; path = ../Classes/Tree.h; sourceTree = "<group>"; };
		9C4EEB931A1043F600A4B7C3 /* VisibleRect.cpp */ = {isa = PBXFileReference; fileEncoding = 4; lastKnownFileType = sourcecode.cpp.cpp; name = VisibleRect.cpp; path = ../Classes/VisibleRect.cpp; sourceTree = "<group>"; };
		9C4EEB941A1043F600A4B7C3 /* VisibleRect.h */ = {isa = PBXFileReference; fileEncoding = 4; lastKnownFileType = sourcecode.c.h; name = VisibleRect.h; path = ../Classes/VisibleRect.h; sourceTree = "<group>"; };
		9C4EEB951A1043F600A4B7C3 /* Weapon.cpp */ = {isa = PBXFileReference; fileEncoding = 4; lastKnownFileType = sourcecode.cpp.cpp; name = Weapon.cpp; path = ../Classes/Weapon.cpp; sourceTree = "<group>"; };
		9C4EEB961A1043F600A4B7C3 /* Weapon.h */ = {isa = PBXFileReference; fileEncoding = 4; lastKnownFileType = sourcecode.c.h; name = Weapon.h; path = ../Classes/Weapon.h; sourceTree = "<group>"; };
		9C4EEB971A1043F600A4B7C3 /* WeaponManager.cpp */ = {isa = PBXFileReference; fileEncoding = 4; lastKnownFileType = sourcecode.cpp.cpp; name = WeaponManager.cpp; path = ../Classes/WeaponManager.cpp; sourceTree = "<group>"; };
		9C4EEB981A1043F600A4B7C3 /* WeaponManager.h */ = {isa = PBXFileReference; fileEncoding = 4; lastKnownFileType = sourcecode.c.h; name = WeaponManager.h; path = ../Classes/WeaponManager.h; sourceTree = "<group>"; };
		9C4EEB991A1043F600A4B7C3 /* WinScene.cpp */ = {isa = PBXFileReference; fileEncoding = 4; lastKnownFileType = sourcecode.cpp.cpp; name = WinScene.cpp; path = ../Classes/WinScene.cpp; sourceTree = "<group>"; };
		9C4EEB9A1A1043F600A4B7C3 /* WinScene.h */ = {isa = PBXFileReference; fileEncoding = 4; lastKnownFileType = sourcecode.c.h; name = WinScene.h; path = ../Classes/WinScene.h; sourceTree = "<group>"; };
		9C4EEBB31A117D2F00A4B7C3 /* image */ = {isa = PBXFileReference; lastKnownFileType = folder; path = image; sourceTree = "<group>"; };
		9CEBAB691A1B10B500996784 /* SkillButton.cpp */ = {isa = PBXFileReference; fileEncoding = 4; lastKnownFileType = sourcecode.cpp.cpp; name = SkillButton.cpp; path = ../Classes/SkillButton.cpp; sourceTree = "<group>"; };
		9CEBAB6A1A1B10B500996784 /* SkillButton.h */ = {isa = PBXFileReference; fileEncoding = 4; lastKnownFileType = sourcecode.c.h; name = SkillButton.h; path = ../Classes/SkillButton.h; sourceTree = "<group>"; };
		9CEBAB6F1A1B281000996784 /* weapon1grey.png */ = {isa = PBXFileReference; lastKnownFileType = image.png; path = weapon1grey.png; sourceTree = "<group>"; };
		9CEBAB701A1B281000996784 /* weapon2grey.png */ = {isa = PBXFileReference; lastKnownFileType = image.png; path = weapon2grey.png; sourceTree = "<group>"; };
		9CEBAB711A1B281000996784 /* weapon3grey.png */ = {isa = PBXFileReference; lastKnownFileType = image.png; path = weapon3grey.png; sourceTree = "<group>"; };
		BF170DB012928DE900B8313A /* OpenGLES.framework */ = {isa = PBXFileReference; lastKnownFileType = wrapper.framework; name = OpenGLES.framework; path = System/Library/Frameworks/OpenGLES.framework; sourceTree = SDKROOT; };
		BF170DB412928DE900B8313A /* libz.dylib */ = {isa = PBXFileReference; lastKnownFileType = "compiled.mach-o.dylib"; name = libz.dylib; path = usr/lib/libz.dylib; sourceTree = SDKROOT; };
		BF1C47EA1293683800B63C5D /* QuartzCore.framework */ = {isa = PBXFileReference; lastKnownFileType = wrapper.framework; name = QuartzCore.framework; path = System/Library/Frameworks/QuartzCore.framework; sourceTree = SDKROOT; };
		D44C620B132DFF330009C878 /* OpenAL.framework */ = {isa = PBXFileReference; lastKnownFileType = wrapper.framework; name = OpenAL.framework; path = System/Library/Frameworks/OpenAL.framework; sourceTree = SDKROOT; };
		D44C620D132DFF430009C878 /* AVFoundation.framework */ = {isa = PBXFileReference; lastKnownFileType = wrapper.framework; name = AVFoundation.framework; path = System/Library/Frameworks/AVFoundation.framework; sourceTree = SDKROOT; };
		D44C620F132DFF4E0009C878 /* AudioToolbox.framework */ = {isa = PBXFileReference; lastKnownFileType = wrapper.framework; name = AudioToolbox.framework; path = System/Library/Frameworks/AudioToolbox.framework; sourceTree = SDKROOT; };
		D6B0611A1803AB670077942B /* CoreMotion.framework */ = {isa = PBXFileReference; lastKnownFileType = wrapper.framework; name = CoreMotion.framework; path = Platforms/iPhoneOS.platform/Developer/SDKs/iPhoneOS7.0.sdk/System/Library/Frameworks/CoreMotion.framework; sourceTree = DEVELOPER_DIR; };
/* End PBXFileReference section */

/* Begin PBXFrameworksBuildPhase section */
		1D60588F0D05DD3D006BFB54 /* Frameworks */ = {
			isa = PBXFrameworksBuildPhase;
			buildActionMask = 2147483647;
			files = (
				1AC6FB2E180E99EB004C840B /* libbox2d iOS.a in Frameworks */,
				1AC6FB2F180E99EB004C840B /* libchipmunk iOS.a in Frameworks */,
				1AC6FB30180E99EB004C840B /* libcocos2dx iOS.a in Frameworks */,
				1AC6FB31180E99EB004C840B /* libcocos2dx-extensions iOS.a in Frameworks */,
				1AC6FB32180E99EB004C840B /* libCocosDenshion iOS.a in Frameworks */,
				D6B0611B1803AB670077942B /* CoreMotion.framework in Frameworks */,
				1D60589F0D05DD5A006BFB54 /* Foundation.framework in Frameworks */,
				1DF5F4E00D08C38300B7A737 /* UIKit.framework in Frameworks */,
				288765A50DF7441C002DB57D /* CoreGraphics.framework in Frameworks */,
				BF171245129291EC00B8313A /* OpenGLES.framework in Frameworks */,
				BF1712471292920000B8313A /* libz.dylib in Frameworks */,
				BF1C47F01293687400B63C5D /* QuartzCore.framework in Frameworks */,
				D44C620C132DFF330009C878 /* OpenAL.framework in Frameworks */,
				D44C620E132DFF430009C878 /* AVFoundation.framework in Frameworks */,
				D44C6210132DFF4E0009C878 /* AudioToolbox.framework in Frameworks */,
			);
			runOnlyForDeploymentPostprocessing = 0;
		};
		5087E75C17EB910900C73F5D /* Frameworks */ = {
			isa = PBXFrameworksBuildPhase;
			buildActionMask = 2147483647;
			files = (
				1AC6FB1F180E996B004C840B /* libbox2d Mac.a in Frameworks */,
				1AC6FB20180E996B004C840B /* libchipmunk Mac.a in Frameworks */,
				1AC6FB21180E996B004C840B /* libcocos2dx Mac.a in Frameworks */,
				1AC6FB22180E996B004C840B /* libcocos2dx-extensions Mac.a in Frameworks */,
				1AC6FB23180E996B004C840B /* libCocosDenshion Mac.a in Frameworks */,
				503AE11217EB99EE00D1A890 /* libcurl.dylib in Frameworks */,
				5087E76717EB910900C73F5D /* libz.dylib in Frameworks */,
				503AE11B17EB9C5A00D1A890 /* IOKit.framework in Frameworks */,
				5087E78B17EB975400C73F5D /* OpenGL.framework in Frameworks */,
				5087E78917EB974C00C73F5D /* AppKit.framework in Frameworks */,
				5087E76317EB910900C73F5D /* Foundation.framework in Frameworks */,
				5087E76517EB910900C73F5D /* CoreGraphics.framework in Frameworks */,
				5087E76817EB910900C73F5D /* QuartzCore.framework in Frameworks */,
				5087E76917EB910900C73F5D /* OpenAL.framework in Frameworks */,
				5087E76A17EB910900C73F5D /* AVFoundation.framework in Frameworks */,
				5087E76B17EB910900C73F5D /* AudioToolbox.framework in Frameworks */,
			);
			runOnlyForDeploymentPostprocessing = 0;
		};
/* End PBXFrameworksBuildPhase section */

/* Begin PBXGroup section */
		080E96DDFE201D6D7F000001 /* ios */ = {
			isa = PBXGroup;
			children = (
				5087E77117EB970100C73F5D /* Icons */,
				503AE0FA17EB989F00D1A890 /* AppController.h */,
				503AE0FB17EB989F00D1A890 /* AppController.mm */,
				503AE0FC17EB989F00D1A890 /* main.m */,
				503AE0FD17EB989F00D1A890 /* Prefix.pch */,
				503AE0FE17EB989F00D1A890 /* RootViewController.h */,
				503AE0FF17EB989F00D1A890 /* RootViewController.mm */,
			);
			name = ios;
			path = Classes;
			sourceTree = "<group>";
		};
		15AA9C4015B7EC450033D6C2 /* Classes */ = {
			isa = PBXGroup;
			children = (
				9C11DE8F1A14726000ECEBB2 /* LoseScene.cpp */,
				9C11DE901A14726000ECEBB2 /* LoseScene.h */,
				9C4EEB6B1A1043F600A4B7C3 /* Animal.cpp */,
				9C4EEB6C1A1043F600A4B7C3 /* Animal.h */,
				9C4EEB6D1A1043F600A4B7C3 /* Animal2.cpp */,
				9C4EEB6E1A1043F600A4B7C3 /* Animal2.h */,
				9C4EEB6F1A1043F600A4B7C3 /* Animal2Manager.cpp */,
				9C4EEB701A1043F600A4B7C3 /* Animal2Manager.h */,
				9C4EEB711A1043F600A4B7C3 /* AppDelegate.cpp */,
				9C4EEB721A1043F600A4B7C3 /* AppDelegate.h */,
				9C4EEB731A1043F600A4B7C3 /* Attack.cpp */,
				9C4EEB741A1043F600A4B7C3 /* Attack.h */,
				9C4EEB751A1043F600A4B7C3 /* Banana.cpp */,
				9C4EEB761A1043F600A4B7C3 /* Banana.h */,
				9C4EEB771A1043F600A4B7C3 /* BananaManger.cpp */,
				9C4EEB781A1043F600A4B7C3 /* BananaManger.h */,
				9C4EEB791A1043F600A4B7C3 /* blood.cpp */,
				9C4EEB7A1A1043F600A4B7C3 /* blood.h */,
				9C4EEB7B1A1043F600A4B7C3 /* CustomTool.cpp */,
				9C4EEB7C1A1043F600A4B7C3 /* CustomTool.h */,
				9C4EEB7D1A1043F600A4B7C3 /* Enemy.cpp */,
				9C4EEB7E1A1043F600A4B7C3 /* Enemy.h */,
				9C4EEB7F1A1043F600A4B7C3 /* Enemy2.cpp */,
				9C4EEB801A1043F600A4B7C3 /* Enemy2.h */,
				9C4EEB811A1043F600A4B7C3 /* Enemy2Manager.cpp */,
				9C4EEB821A1043F600A4B7C3 /* Enemy2Manager.h */,
				9C4EEB831A1043F600A4B7C3 /* Fire.cpp */,
				9C4EEB841A1043F600A4B7C3 /* Fire.h */,
				9C4EEB851A1043F600A4B7C3 /* FSM.cpp */,
				9C4EEB861A1043F600A4B7C3 /* FSM.h */,
				9C4EEB871A1043F600A4B7C3 /* MainScene.cpp */,
				9C4EEB881A1043F600A4B7C3 /* MainScene.h */,
				9CEBAB691A1B10B500996784 /* SkillButton.cpp */,
				9CEBAB6A1A1B10B500996784 /* SkillButton.h */,
				9C4EEB891A1043F600A4B7C3 /* MapScene.cpp */,
				9C4EEB8A1A1043F600A4B7C3 /* MapScene.h */,
				9C4EEB8B1A1043F600A4B7C3 /* Player.cpp */,
				9C4EEB8C1A1043F600A4B7C3 /* Player.h */,
				9C4EEB8D1A1043F600A4B7C3 /* Progress.cpp */,
				9C4EEB8E1A1043F600A4B7C3 /* Progress.h */,
				9C4EEB8F1A1043F600A4B7C3 /* StartScene.cpp */,
				9C4EEB901A1043F600A4B7C3 /* StartScene.h */,
				9C4EEB911A1043F600A4B7C3 /* Tree.cpp */,
				9C4EEB921A1043F600A4B7C3 /* Tree.h */,
				9C4EEB931A1043F600A4B7C3 /* VisibleRect.cpp */,
				9C4EEB941A1043F600A4B7C3 /* VisibleRect.h */,
				9C4EEB951A1043F600A4B7C3 /* Weapon.cpp */,
				9C4EEB961A1043F600A4B7C3 /* Weapon.h */,
				9C4EEB971A1043F600A4B7C3 /* WeaponManager.cpp */,
				9C4EEB981A1043F600A4B7C3 /* WeaponManager.h */,
				9C4EEB991A1043F600A4B7C3 /* WinScene.cpp */,
				9C4EEB9A1A1043F600A4B7C3 /* WinScene.h */,
			);
			name = Classes;
			path = ../classes;
			sourceTree = "<group>";
		};
		19C28FACFE9D520D11CA2CBB /* Products */ = {
			isa = PBXGroup;
			children = (
				1D6058910D05DD3D006BFB54 /* brave iOS.app */,
				5087E76F17EB910900C73F5D /* brave Mac.app */,
			);
			name = Products;
			sourceTree = "<group>";
		};
		1AC6FAE6180E9839004C840B /* Products */ = {
			isa = PBXGroup;
			children = (
				1AC6FAF9180E9839004C840B /* libcocos2dx Mac.a */,
				1AC6FAFB180E9839004C840B /* libcocos2dx-extensions Mac.a */,
				1AC6FAFD180E9839004C840B /* libchipmunk Mac.a */,
				1AC6FAFF180E9839004C840B /* libbox2d Mac.a */,
				1AC6FB01180E9839004C840B /* libCocosDenshion Mac.a */,
				1AC6FB07180E9839004C840B /* libcocos2dx iOS.a */,
				1AC6FB09180E9839004C840B /* libcocos2dx-extensions iOS.a */,
				1AC6FB0B180E9839004C840B /* libchipmunk iOS.a */,
				1AC6FB0D180E9839004C840B /* libbox2d iOS.a */,
				1AC6FB0F180E9839004C840B /* libCocosDenshion iOS.a */,
			);
			name = Products;
			sourceTree = "<group>";
		};
		29B97314FDCFA39411CA2CEA /* CustomTemplate */ = {
			isa = PBXGroup;
			children = (
				1AC6FAE5180E9839004C840B /* cocos2d_libs.xcodeproj */,
				15AA9C4015B7EC450033D6C2 /* Classes */,
				29B97323FDCFA39411CA2CEA /* Frameworks */,
				080E96DDFE201D6D7F000001 /* ios */,
				503AE10617EB990700D1A890 /* mac */,
				19C28FACFE9D520D11CA2CBB /* Products */,
				78C7DDAA14EBA5050085D0C2 /* Resources */,
			);
			name = CustomTemplate;
			sourceTree = "<group>";
		};
		29B97323FDCFA39411CA2CEA /* Frameworks */ = {
			isa = PBXGroup;
			children = (
				D6B0611A1803AB670077942B /* CoreMotion.framework */,
				503AE11A17EB9C5A00D1A890 /* IOKit.framework */,
				503AE11117EB99EE00D1A890 /* libcurl.dylib */,
				5087E78A17EB975400C73F5D /* OpenGL.framework */,
				5087E78817EB974C00C73F5D /* AppKit.framework */,
				1ACB3243164770DE00914215 /* libcurl.a */,
				BF170DB412928DE900B8313A /* libz.dylib */,
				D44C620F132DFF4E0009C878 /* AudioToolbox.framework */,
				D44C620D132DFF430009C878 /* AVFoundation.framework */,
				288765A40DF7441C002DB57D /* CoreGraphics.framework */,
				1D30AB110D05D00D00671497 /* Foundation.framework */,
				D44C620B132DFF330009C878 /* OpenAL.framework */,
				BF170DB012928DE900B8313A /* OpenGLES.framework */,
				BF1C47EA1293683800B63C5D /* QuartzCore.framework */,
				1DF5F4DF0D08C38300B7A737 /* UIKit.framework */,
			);
			name = Frameworks;
			sourceTree = "<group>";
		};
		503AE0F517EB97AB00D1A890 /* Icons */ = {
			isa = PBXGroup;
			children = (
				503AE0F617EB97AB00D1A890 /* Icon.icns */,
				503AE0F717EB97AB00D1A890 /* Info.plist */,
			);
			name = Icons;
			path = mac;
			sourceTree = SOURCE_ROOT;
		};
		503AE10617EB990700D1A890 /* mac */ = {
			isa = PBXGroup;
			children = (
				503AE0F517EB97AB00D1A890 /* Icons */,
				503AE10317EB98FF00D1A890 /* main.cpp */,
				503AE10417EB98FF00D1A890 /* Prefix.pch */,
			);
			name = mac;
			sourceTree = "<group>";
		};
		5087E77117EB970100C73F5D /* Icons */ = {
			isa = PBXGroup;
			children = (
				5087E77217EB970100C73F5D /* Default-568h@2x.png */,
				5087E77317EB970100C73F5D /* Default.png */,
				5087E77417EB970100C73F5D /* Default@2x.png */,
				50EF62A017ECD613001EB2F8 /* Icon-29.png */,
				50EF62A117ECD613001EB2F8 /* Icon-50.png */,
				50EF629217ECD46A001EB2F8 /* Icon-40.png */,
				50EF629317ECD46A001EB2F8 /* Icon-58.png */,
				50EF629417ECD46A001EB2F8 /* Icon-80.png */,
				50EF629517ECD46A001EB2F8 /* Icon-100.png */,
				5087E77517EB970100C73F5D /* Icon-114.png */,
				5087E77617EB970100C73F5D /* Icon-120.png */,
				5087E77717EB970100C73F5D /* Icon-144.png */,
				5087E77817EB970100C73F5D /* Icon-152.png */,
				5087E77917EB970100C73F5D /* Icon-57.png */,
				5087E77A17EB970100C73F5D /* Icon-72.png */,
				5087E77B17EB970100C73F5D /* Icon-76.png */,
				5087E77C17EB970100C73F5D /* Info.plist */,
			);
			name = Icons;
			path = ios;
			sourceTree = SOURCE_ROOT;
		};
		78C7DDAA14EBA5050085D0C2 /* Resources */ = {
			isa = PBXGroup;
			children = (
				9CEBAB6F1A1B281000996784 /* weapon1grey.png */,
				9CEBAB701A1B281000996784 /* weapon2grey.png */,
				9CEBAB711A1B281000996784 /* weapon3grey.png */,
				9C11DE8A1A14723B00ECEBB2 /* backToMap.png */,
				9C11DE8B1A14723B00ECEBB2 /* lose.png */,
				9C11DE871A1471BE00ECEBB2 /* weapon3.png */,
				9C11DE811A140F7800ECEBB2 /* weapon1.png */,
				9C11DE821A140F7800ECEBB2 /* weapon2.png */,
				9C4EEBB31A117D2F00A4B7C3 /* image */,
				9C4EEB171A1043E200A4B7C3 /* animal.ExportJson */,
				9C4EEB181A1043E200A4B7C3 /* animal0.plist */,
				9C4EEB191A1043E200A4B7C3 /* animal0.png */,
				9C4EEB1C1A1043E200A4B7C3 /* AudioClip */,
				9C4EEB1D1A1043E200A4B7C3 /* back.png */,
				9C4EEB1E1A1043E200A4B7C3 /* background.png */,
				9C4EEB1F1A1043E200A4B7C3 /* banana.png */,
				9C4EEB201A1043E200A4B7C3 /* CloseNormal.png */,
				9C4EEB211A1043E200A4B7C3 /* CloseSelected.png */,
				9C4EEB221A1043E200A4B7C3 /* cloth.png */,
				9C4EEB231A1043E200A4B7C3 /* clothgrey.png */,
				9C4EEB241A1043E200A4B7C3 /* fire */,
				9C4EEB251A1043E200A4B7C3 /* fonts */,
				9C4EEB261A1043E200A4B7C3 /* fruit.png */,
				9C4EEB271A1043E200A4B7C3 /* HelloWorld.png */,
				9C4EEB2A1A1043E200A4B7C3 /* map.png */,
				9C4EEB2B1A1043E200A4B7C3 /* mark.png */,
				9C4EEB2C1A1043E200A4B7C3 /* money.png */,
				9C4EEB2D1A1043E200A4B7C3 /* moneygrey.png */,
				9C4EEB2E1A1043E200A4B7C3 /* monkey2.ExportJson */,
				9C4EEB2F1A1043E200A4B7C3 /* monkey20.plist */,
				9C4EEB301A1043E200A4B7C3 /* monkey20.png */,
				9C4EEB311A1043E200A4B7C3 /* p1.ExportJson */,
				9C4EEB321A1043E200A4B7C3 /* p10.plist */,
				9C4EEB331A1043E200A4B7C3 /* p10.png */,
				9C4EEB341A1043E200A4B7C3 /* panada.ExportJson */,
				9C4EEB351A1043E200A4B7C3 /* panada0.plist */,
				9C4EEB361A1043E200A4B7C3 /* panada0.png */,
				9C4EEB371A1043E200A4B7C3 /* panda.png */,
				9C4EEB381A1043E200A4B7C3 /* pandagrey.png */,
				9C4EEB391A1043E200A4B7C3 /* tiger2.ExportJson */,
				9C4EEB3A1A1043E200A4B7C3 /* tiger2.png */,
				9C4EEB3B1A1043E200A4B7C3 /* tiger2grey.png */,
				9C4EEB3C1A1043E200A4B7C3 /* tiger20.plist */,
				9C4EEB3D1A1043E200A4B7C3 /* tiger20.png */,
				9C4EEB3E1A1043E200A4B7C3 /* weapons.plist */,
				9C4EEB3F1A1043E200A4B7C3 /* weapons.pvr.ccz */,
				9C4EEB401A1043E200A4B7C3 /* win.png */,
			);
			name = Resources;
			path = ../Resources;
			sourceTree = "<group>";
		};
/* End PBXGroup section */

/* Begin PBXNativeTarget section */
		1D6058900D05DD3D006BFB54 /* brave iOS */ = {
			isa = PBXNativeTarget;
			buildConfigurationList = 1D6058960D05DD3E006BFB54 /* Build configuration list for PBXNativeTarget "brave iOS" */;
			buildPhases = (
				1D60588D0D05DD3D006BFB54 /* Resources */,
				1D60588E0D05DD3D006BFB54 /* Sources */,
				1D60588F0D05DD3D006BFB54 /* Frameworks */,
			);
			buildRules = (
			);
			dependencies = (
				1AC6FB25180E99E1004C840B /* PBXTargetDependency */,
				1AC6FB27180E99E1004C840B /* PBXTargetDependency */,
				1AC6FB29180E99E1004C840B /* PBXTargetDependency */,
				1AC6FB2B180E99E1004C840B /* PBXTargetDependency */,
				1AC6FB2D180E99E1004C840B /* PBXTargetDependency */,
			);
			name = "brave iOS";
			productName = iphone;
			productReference = 1D6058910D05DD3D006BFB54 /* brave iOS.app */;
			productType = "com.apple.product-type.application";
		};
		5087E73D17EB910900C73F5D /* brave Mac */ = {
			isa = PBXNativeTarget;
			buildConfigurationList = 5087E76C17EB910900C73F5D /* Build configuration list for PBXNativeTarget "brave Mac" */;
			buildPhases = (
				5087E74817EB910900C73F5D /* Resources */,
				5087E75617EB910900C73F5D /* Sources */,
				5087E75C17EB910900C73F5D /* Frameworks */,
			);
			buildRules = (
			);
			dependencies = (
				1AC6FB1E180E9963004C840B /* PBXTargetDependency */,
				1AC6FB16180E9959004C840B /* PBXTargetDependency */,
				1AC6FB18180E9959004C840B /* PBXTargetDependency */,
				1AC6FB1A180E9959004C840B /* PBXTargetDependency */,
				1AC6FB1C180E9959004C840B /* PBXTargetDependency */,
			);
			name = "brave Mac";
			productName = iphone;
			productReference = 5087E76F17EB910900C73F5D /* brave Mac.app */;
			productType = "com.apple.product-type.application";
		};
/* End PBXNativeTarget section */

/* Begin PBXProject section */
		29B97313FDCFA39411CA2CEA /* Project object */ = {
			isa = PBXProject;
			attributes = {
				LastUpgradeCheck = 0510;
				TargetAttributes = {
					1D6058900D05DD3D006BFB54 = {
						DevelopmentTeam = MDDB52YB8L;
					};
				};
			};
			buildConfigurationList = C01FCF4E08A954540054247B /* Build configuration list for PBXProject "brave" */;
			compatibilityVersion = "Xcode 3.2";
			developmentRegion = English;
			hasScannedForEncodings = 1;
			knownRegions = (
				English,
				Japanese,
				French,
				German,
			);
			mainGroup = 29B97314FDCFA39411CA2CEA /* CustomTemplate */;
			projectDirPath = "";
			projectReferences = (
				{
					ProductGroup = 1AC6FAE6180E9839004C840B /* Products */;
					ProjectRef = 1AC6FAE5180E9839004C840B /* cocos2d_libs.xcodeproj */;
				},
			);
			projectRoot = "";
			targets = (
				1D6058900D05DD3D006BFB54 /* brave iOS */,
				5087E73D17EB910900C73F5D /* brave Mac */,
			);
		};
/* End PBXProject section */

/* Begin PBXReferenceProxy section */
		1AC6FAF9180E9839004C840B /* libcocos2dx Mac.a */ = {
			isa = PBXReferenceProxy;
			fileType = archive.ar;
			path = "libcocos2dx Mac.a";
			remoteRef = 1AC6FAF8180E9839004C840B /* PBXContainerItemProxy */;
			sourceTree = BUILT_PRODUCTS_DIR;
		};
		1AC6FAFB180E9839004C840B /* libcocos2dx-extensions Mac.a */ = {
			isa = PBXReferenceProxy;
			fileType = archive.ar;
			path = "libcocos2dx-extensions Mac.a";
			remoteRef = 1AC6FAFA180E9839004C840B /* PBXContainerItemProxy */;
			sourceTree = BUILT_PRODUCTS_DIR;
		};
		1AC6FAFD180E9839004C840B /* libchipmunk Mac.a */ = {
			isa = PBXReferenceProxy;
			fileType = archive.ar;
			path = "libchipmunk Mac.a";
			remoteRef = 1AC6FAFC180E9839004C840B /* PBXContainerItemProxy */;
			sourceTree = BUILT_PRODUCTS_DIR;
		};
		1AC6FAFF180E9839004C840B /* libbox2d Mac.a */ = {
			isa = PBXReferenceProxy;
			fileType = archive.ar;
			path = "libbox2d Mac.a";
			remoteRef = 1AC6FAFE180E9839004C840B /* PBXContainerItemProxy */;
			sourceTree = BUILT_PRODUCTS_DIR;
		};
		1AC6FB01180E9839004C840B /* libCocosDenshion Mac.a */ = {
			isa = PBXReferenceProxy;
			fileType = archive.ar;
			path = "libCocosDenshion Mac.a";
			remoteRef = 1AC6FB00180E9839004C840B /* PBXContainerItemProxy */;
			sourceTree = BUILT_PRODUCTS_DIR;
		};
		1AC6FB07180E9839004C840B /* libcocos2dx iOS.a */ = {
			isa = PBXReferenceProxy;
			fileType = archive.ar;
			path = "libcocos2dx iOS.a";
			remoteRef = 1AC6FB06180E9839004C840B /* PBXContainerItemProxy */;
			sourceTree = BUILT_PRODUCTS_DIR;
		};
		1AC6FB09180E9839004C840B /* libcocos2dx-extensions iOS.a */ = {
			isa = PBXReferenceProxy;
			fileType = archive.ar;
			path = "libcocos2dx-extensions iOS.a";
			remoteRef = 1AC6FB08180E9839004C840B /* PBXContainerItemProxy */;
			sourceTree = BUILT_PRODUCTS_DIR;
		};
		1AC6FB0B180E9839004C840B /* libchipmunk iOS.a */ = {
			isa = PBXReferenceProxy;
			fileType = archive.ar;
			path = "libchipmunk iOS.a";
			remoteRef = 1AC6FB0A180E9839004C840B /* PBXContainerItemProxy */;
			sourceTree = BUILT_PRODUCTS_DIR;
		};
		1AC6FB0D180E9839004C840B /* libbox2d iOS.a */ = {
			isa = PBXReferenceProxy;
			fileType = archive.ar;
			path = "libbox2d iOS.a";
			remoteRef = 1AC6FB0C180E9839004C840B /* PBXContainerItemProxy */;
			sourceTree = BUILT_PRODUCTS_DIR;
		};
		1AC6FB0F180E9839004C840B /* libCocosDenshion iOS.a */ = {
			isa = PBXReferenceProxy;
			fileType = archive.ar;
			path = "libCocosDenshion iOS.a";
			remoteRef = 1AC6FB0E180E9839004C840B /* PBXContainerItemProxy */;
			sourceTree = BUILT_PRODUCTS_DIR;
		};
/* End PBXReferenceProxy section */

/* Begin PBXResourcesBuildPhase section */
		1D60588D0D05DD3D006BFB54 /* Resources */ = {
			isa = PBXResourcesBuildPhase;
			buildActionMask = 2147483647;
			files = (
				9C4EEB541A1043E200A4B7C3 /* map.png in Resources */,
				5087E78117EB970100C73F5D /* Icon-120.png in Resources */,
				9C4EEB661A1043E200A4B7C3 /* tiger20.plist in Resources */,
				9C4EEB481A1043E200A4B7C3 /* background.png in Resources */,
				9C4EEB6A1A1043E200A4B7C3 /* win.png in Resources */,
				9C4EEB601A1043E200A4B7C3 /* panada0.png in Resources */,
				9C4EEBB41A117D2F00A4B7C3 /* image in Resources */,
				9CEBAB731A1B281000996784 /* weapon2grey.png in Resources */,
				5087E78617EB970100C73F5D /* Icon-76.png in Resources */,
				9C4EEB631A1043E200A4B7C3 /* tiger2.ExportJson in Resources */,
				5087E77F17EB970100C73F5D /* Default@2x.png in Resources */,
				9C4EEB461A1043E200A4B7C3 /* AudioClip in Resources */,
				9C4EEB621A1043E200A4B7C3 /* pandagrey.png in Resources */,
				9C4EEB4A1A1043E200A4B7C3 /* CloseNormal.png in Resources */,
				9C4EEB511A1043E200A4B7C3 /* HelloWorld.png in Resources */,
				9C4EEB501A1043E200A4B7C3 /* fruit.png in Resources */,
				50EF629917ECD46A001EB2F8 /* Icon-100.png in Resources */,
				9C4EEB5A1A1043E200A4B7C3 /* monkey20.png in Resources */,
				5087E78317EB970100C73F5D /* Icon-152.png in Resources */,
				9C4EEB571A1043E200A4B7C3 /* moneygrey.png in Resources */,
				9C4EEB4F1A1043E200A4B7C3 /* fonts in Resources */,
				9CEBAB741A1B281000996784 /* weapon3grey.png in Resources */,
				5087E77D17EB970100C73F5D /* Default-568h@2x.png in Resources */,
				9C4EEB4E1A1043E200A4B7C3 /* fire in Resources */,
				9C11DE881A1471BE00ECEBB2 /* weapon3.png in Resources */,
				9C4EEB4C1A1043E200A4B7C3 /* cloth.png in Resources */,
				9C4EEB581A1043E200A4B7C3 /* monkey2.ExportJson in Resources */,
				9C4EEB641A1043E200A4B7C3 /* tiger2.png in Resources */,
				5087E78517EB970100C73F5D /* Icon-72.png in Resources */,
				9C11DE8E1A14723B00ECEBB2 /* lose.png in Resources */,
				9C4EEB611A1043E200A4B7C3 /* panda.png in Resources */,
				9C11DE8D1A14723B00ECEBB2 /* backToMap.png in Resources */,
				9C4EEB591A1043E200A4B7C3 /* monkey20.plist in Resources */,
				50EF62A317ECD613001EB2F8 /* Icon-50.png in Resources */,
				9C4EEB5E1A1043E200A4B7C3 /* panada.ExportJson in Resources */,
				5087E78017EB970100C73F5D /* Icon-114.png in Resources */,
				50EF62A217ECD613001EB2F8 /* Icon-29.png in Resources */,
				9C4EEB691A1043E200A4B7C3 /* weapons.pvr.ccz in Resources */,
				9C4EEB5C1A1043E200A4B7C3 /* p10.plist in Resources */,
				9C11DE831A140F7800ECEBB2 /* weapon1.png in Resources */,
				50EF629617ECD46A001EB2F8 /* Icon-40.png in Resources */,
				9C4EEB561A1043E200A4B7C3 /* money.png in Resources */,
				9C4EEB651A1043E200A4B7C3 /* tiger2grey.png in Resources */,
				9C11DE841A140F7800ECEBB2 /* weapon2.png in Resources */,
				5087E78217EB970100C73F5D /* Icon-144.png in Resources */,
				9C4EEB411A1043E200A4B7C3 /* animal.ExportJson in Resources */,
				9C4EEB551A1043E200A4B7C3 /* mark.png in Resources */,
				50EF629817ECD46A001EB2F8 /* Icon-80.png in Resources */,
				9C4EEB671A1043E200A4B7C3 /* tiger20.png in Resources */,
				9C4EEB471A1043E200A4B7C3 /* back.png in Resources */,
				9C4EEB431A1043E200A4B7C3 /* animal0.png in Resources */,
				9C4EEB5F1A1043E200A4B7C3 /* panada0.plist in Resources */,
				9CEBAB721A1B281000996784 /* weapon1grey.png in Resources */,
				9C4EEB491A1043E200A4B7C3 /* banana.png in Resources */,
				5087E78417EB970100C73F5D /* Icon-57.png in Resources */,
				5087E77E17EB970100C73F5D /* Default.png in Resources */,
				9C4EEB4B1A1043E200A4B7C3 /* CloseSelected.png in Resources */,
				9C4EEB5B1A1043E200A4B7C3 /* p1.ExportJson in Resources */,
				50EF629717ECD46A001EB2F8 /* Icon-58.png in Resources */,
				9C4EEB4D1A1043E200A4B7C3 /* clothgrey.png in Resources */,
				9C4EEB681A1043E200A4B7C3 /* weapons.plist in Resources */,
				9C4EEB5D1A1043E200A4B7C3 /* p10.png in Resources */,
				9C4EEB421A1043E200A4B7C3 /* animal0.plist in Resources */,
			);
			runOnlyForDeploymentPostprocessing = 0;
		};
		5087E74817EB910900C73F5D /* Resources */ = {
			isa = PBXResourcesBuildPhase;
			buildActionMask = 2147483647;
			files = (
				503AE0F817EB97AB00D1A890 /* Icon.icns in Resources */,
			);
			runOnlyForDeploymentPostprocessing = 0;
		};
/* End PBXResourcesBuildPhase section */

/* Begin PBXSourcesBuildPhase section */
		1D60588E0D05DD3D006BFB54 /* Sources */ = {
			isa = PBXSourcesBuildPhase;
			buildActionMask = 2147483647;
			files = (
				9C4EEBA81A1043F600A4B7C3 /* FSM.cpp in Sources */,
				9C4EEB9B1A1043F600A4B7C3 /* Animal.cpp in Sources */,
				503AE10017EB989F00D1A890 /* AppController.mm in Sources */,
				9C4EEBA71A1043F600A4B7C3 /* Fire.cpp in Sources */,
				9C11DE911A14726000ECEBB2 /* LoseScene.cpp in Sources */,
				9C4EEBA91A1043F600A4B7C3 /* MainScene.cpp in Sources */,
				9C4EEBB01A1043F600A4B7C3 /* Weapon.cpp in Sources */,
				9C4EEBAA1A1043F600A4B7C3 /* MapScene.cpp in Sources */,
				9C4EEBA41A1043F600A4B7C3 /* Enemy.cpp in Sources */,
				9C4EEBAD1A1043F600A4B7C3 /* StartScene.cpp in Sources */,
				9C4EEBA21A1043F600A4B7C3 /* blood.cpp in Sources */,
				9C4EEBAE1A1043F600A4B7C3 /* Tree.cpp in Sources */,
				9C4EEBB11A1043F600A4B7C3 /* WeaponManager.cpp in Sources */,
				9C4EEBAB1A1043F600A4B7C3 /* Player.cpp in Sources */,
				9C4EEBA11A1043F600A4B7C3 /* BananaManger.cpp in Sources */,
				9C4EEBA01A1043F600A4B7C3 /* Banana.cpp in Sources */,
				9C4EEB9D1A1043F600A4B7C3 /* Animal2Manager.cpp in Sources */,
				9C4EEB9C1A1043F600A4B7C3 /* Animal2.cpp in Sources */,
				9C4EEBB21A1043F600A4B7C3 /* WinScene.cpp in Sources */,
				9C4EEB9E1A1043F600A4B7C3 /* AppDelegate.cpp in Sources */,
				9C4EEBA51A1043F600A4B7C3 /* Enemy2.cpp in Sources */,
				9C4EEB9F1A1043F600A4B7C3 /* Attack.cpp in Sources */,
				503AE10217EB989F00D1A890 /* RootViewController.mm in Sources */,
				9C4EEBAF1A1043F600A4B7C3 /* VisibleRect.cpp in Sources */,
				503AE10117EB989F00D1A890 /* main.m in Sources */,
				9CEBAB6B1A1B10B500996784 /* SkillButton.cpp in Sources */,
				9C4EEBA61A1043F600A4B7C3 /* Enemy2Manager.cpp in Sources */,
				9C4EEBA31A1043F600A4B7C3 /* CustomTool.cpp in Sources */,
				9C4EEBAC1A1043F600A4B7C3 /* Progress.cpp in Sources */,
				1AFAF8B816D35DE700DB1158 /* (null) in Sources */,
			);
			runOnlyForDeploymentPostprocessing = 0;
		};
		5087E75617EB910900C73F5D /* Sources */ = {
			isa = PBXSourcesBuildPhase;
			buildActionMask = 2147483647;
			files = (
				5087E75817EB910900C73F5D /* (null) in Sources */,
				503AE10517EB98FF00D1A890 /* main.cpp in Sources */,
			);
			runOnlyForDeploymentPostprocessing = 0;
		};
/* End PBXSourcesBuildPhase section */

/* Begin PBXTargetDependency section */
		1AC6FB16180E9959004C840B /* PBXTargetDependency */ = {
			isa = PBXTargetDependency;
			name = "cocos2dx Mac";
			targetProxy = 1AC6FB15180E9959004C840B /* PBXContainerItemProxy */;
		};
		1AC6FB18180E9959004C840B /* PBXTargetDependency */ = {
			isa = PBXTargetDependency;
			name = "cocos2dx-extensions Mac";
			targetProxy = 1AC6FB17180E9959004C840B /* PBXContainerItemProxy */;
		};
		1AC6FB1A180E9959004C840B /* PBXTargetDependency */ = {
			isa = PBXTargetDependency;
			name = "chipmunk Mac";
			targetProxy = 1AC6FB19180E9959004C840B /* PBXContainerItemProxy */;
		};
		1AC6FB1C180E9959004C840B /* PBXTargetDependency */ = {
			isa = PBXTargetDependency;
			name = "CocosDenshion Mac";
			targetProxy = 1AC6FB1B180E9959004C840B /* PBXContainerItemProxy */;
		};
		1AC6FB1E180E9963004C840B /* PBXTargetDependency */ = {
			isa = PBXTargetDependency;
			name = "box2d Mac";
			targetProxy = 1AC6FB1D180E9963004C840B /* PBXContainerItemProxy */;
		};
		1AC6FB25180E99E1004C840B /* PBXTargetDependency */ = {
			isa = PBXTargetDependency;
			name = "cocos2dx iOS";
			targetProxy = 1AC6FB24180E99E1004C840B /* PBXContainerItemProxy */;
		};
		1AC6FB27180E99E1004C840B /* PBXTargetDependency */ = {
			isa = PBXTargetDependency;
			name = "cocos2dx-extensions iOS";
			targetProxy = 1AC6FB26180E99E1004C840B /* PBXContainerItemProxy */;
		};
		1AC6FB29180E99E1004C840B /* PBXTargetDependency */ = {
			isa = PBXTargetDependency;
			name = "chipmunk iOS";
			targetProxy = 1AC6FB28180E99E1004C840B /* PBXContainerItemProxy */;
		};
		1AC6FB2B180E99E1004C840B /* PBXTargetDependency */ = {
			isa = PBXTargetDependency;
			name = "box2d iOS";
			targetProxy = 1AC6FB2A180E99E1004C840B /* PBXContainerItemProxy */;
		};
		1AC6FB2D180E99E1004C840B /* PBXTargetDependency */ = {
			isa = PBXTargetDependency;
			name = "CocosDenshion iOS";
			targetProxy = 1AC6FB2C180E99E1004C840B /* PBXContainerItemProxy */;
		};
/* End PBXTargetDependency section */

/* Begin XCBuildConfiguration section */
		1D6058940D05DD3E006BFB54 /* Debug */ = {
			isa = XCBuildConfiguration;
			buildSettings = {
				ALWAYS_SEARCH_USER_PATHS = YES;
				CODE_SIGN_IDENTITY = "iPhone Developer";
				COMPRESS_PNG_FILES = NO;
				GCC_DYNAMIC_NO_PIC = NO;
				GCC_INLINES_ARE_PRIVATE_EXTERN = NO;
				GCC_PRECOMPILE_PREFIX_HEADER = YES;
				GCC_PREFIX_HEADER = ios/Prefix.pch;
				GCC_PREPROCESSOR_DEFINITIONS = (
					USE_FILE32API,
					CC_TARGET_OS_IPHONE,
					"COCOS2D_DEBUG=1",
					"CC_ENABLE_CHIPMUNK_INTEGRATION=1",
				);
				GCC_SYMBOLS_PRIVATE_EXTERN = NO;
				HEADER_SEARCH_PATHS = (
					"$(inherited)",
					"$(SRCROOT)/../cocos2d/cocos/platform/ios",
					"$(SRCROOT)/../cocos2d/cocos/platform/ios/Simulation",
				);
				INFOPLIST_FILE = ios/Info.plist;
				IPHONEOS_DEPLOYMENT_TARGET = 5.0;
				LIBRARY_SEARCH_PATHS = "";
				SDKROOT = iphoneos;
				TARGETED_DEVICE_FAMILY = "1,2";
				USER_HEADER_SEARCH_PATHS = "";
			};
			name = Debug;
		};
		1D6058950D05DD3E006BFB54 /* Release */ = {
			isa = XCBuildConfiguration;
			buildSettings = {
				ALWAYS_SEARCH_USER_PATHS = YES;
				CODE_SIGN_IDENTITY = "iPhone Developer";
				COMPRESS_PNG_FILES = NO;
				GCC_INLINES_ARE_PRIVATE_EXTERN = NO;
				GCC_PRECOMPILE_PREFIX_HEADER = YES;
				GCC_PREFIX_HEADER = ios/Prefix.pch;
				GCC_PREPROCESSOR_DEFINITIONS = (
					USE_FILE32API,
					CC_TARGET_OS_IPHONE,
					"CC_ENABLE_CHIPMUNK_INTEGRATION=1",
				);
				GCC_SYMBOLS_PRIVATE_EXTERN = NO;
				HEADER_SEARCH_PATHS = (
					"$(inherited)",
					"$(SRCROOT)/../cocos2d/cocos/platform/ios",
					"$(SRCROOT)/../cocos2d/cocos/platform/ios/Simulation",
				);
				INFOPLIST_FILE = ios/Info.plist;
				IPHONEOS_DEPLOYMENT_TARGET = 5.0;
				LIBRARY_SEARCH_PATHS = "";
				SDKROOT = iphoneos;
				TARGETED_DEVICE_FAMILY = "1,2";
				USER_HEADER_SEARCH_PATHS = "";
			};
			name = Release;
		};
		5087E76D17EB910900C73F5D /* Debug */ = {
			isa = XCBuildConfiguration;
			buildSettings = {
				ALWAYS_SEARCH_USER_PATHS = YES;
				CLANG_CXX_LANGUAGE_STANDARD = "c++0x";
				CLANG_CXX_LIBRARY = "libc++";
				COMBINE_HIDPI_IMAGES = YES;
				GCC_DYNAMIC_NO_PIC = NO;
				GCC_INLINES_ARE_PRIVATE_EXTERN = NO;
				GCC_PRECOMPILE_PREFIX_HEADER = YES;
				GCC_PREFIX_HEADER = mac/Prefix.pch;
				GCC_PREPROCESSOR_DEFINITIONS = (
					USE_FILE32API,
					CC_TARGET_OS_MAC,
					"COCOS2D_DEBUG=1",
					"CC_ENABLE_CHIPMUNK_INTEGRATION=1",
				);
				GCC_SYMBOLS_PRIVATE_EXTERN = NO;
				HEADER_SEARCH_PATHS = (
					"$(inherited)",
					"$(SRCROOT)/../cocos2d/cocos/platform/mac",
					"$(SRCROOT)/../cocos2d/external/glfw3/include/mac",
				);
				INFOPLIST_FILE = mac/Info.plist;
				LIBRARY_SEARCH_PATHS = "";
				USER_HEADER_SEARCH_PATHS = "";
			};
			name = Debug;
		};
		5087E76E17EB910900C73F5D /* Release */ = {
			isa = XCBuildConfiguration;
			buildSettings = {
				ALWAYS_SEARCH_USER_PATHS = YES;
				CLANG_CXX_LANGUAGE_STANDARD = "c++0x";
				CLANG_CXX_LIBRARY = "libc++";
				COMBINE_HIDPI_IMAGES = YES;
				GCC_INLINES_ARE_PRIVATE_EXTERN = NO;
				GCC_PRECOMPILE_PREFIX_HEADER = YES;
				GCC_PREFIX_HEADER = mac/Prefix.pch;
				GCC_PREPROCESSOR_DEFINITIONS = (
					USE_FILE32API,
					CC_TARGET_OS_MAC,
					"CC_ENABLE_CHIPMUNK_INTEGRATION=1",
				);
				GCC_SYMBOLS_PRIVATE_EXTERN = NO;
				HEADER_SEARCH_PATHS = (
					"$(inherited)",
					"$(SRCROOT)/../cocos2d/cocos/platform/mac",
					"$(SRCROOT)/../cocos2d/external/glfw3/include/mac",
				);
				INFOPLIST_FILE = mac/Info.plist;
				LIBRARY_SEARCH_PATHS = "";
				USER_HEADER_SEARCH_PATHS = "";
			};
			name = Release;
		};
		C01FCF4F08A954540054247B /* Debug */ = {
			isa = XCBuildConfiguration;
			buildSettings = {
				CLANG_CXX_LANGUAGE_STANDARD = "c++0x";
				CLANG_CXX_LIBRARY = "libc++";
				COPY_PHASE_STRIP = NO;
				GCC_OPTIMIZATION_LEVEL = 0;
				GCC_WARN_ABOUT_RETURN_TYPE = YES;
				GCC_WARN_UNUSED_VARIABLE = YES;
				HEADER_SEARCH_PATHS = (
					"$(SRCROOT)/../cocos2d",
					"$(SRCROOT)/../cocos2d/cocos",
					"$(SRCROOT)/../cocos2d/cocos/base",
					"$(SRCROOT)/../cocos2d/cocos/physics",
					"$(SRCROOT)/../cocos2d/cocos/math",
					"$(SRCROOT)/../cocos2d/cocos/2d",
					"$(SRCROOT)/../cocos2d/cocos/ui",
					"$(SRCROOT)/../cocos2d/cocos/network",
					"$(SRCROOT)/../cocos2d/cocos/audio/include",
					"$(SRCROOT)/../cocos2d/cocos/editor-support",
					"$(SRCROOT)/../cocos2d/extensions",
					"$(SRCROOT)/../cocos2d/external",
					"$(SRCROOT)/../cocos2d/external/chipmunk/include/chipmunk",
				);
				MACOSX_DEPLOYMENT_TARGET = 10.7;
				ONLY_ACTIVE_ARCH = YES;
				PRODUCT_NAME = "$(TARGET_NAME)";
				SDKROOT = macosx;
			};
			name = Debug;
		};
		C01FCF5008A954540054247B /* Release */ = {
			isa = XCBuildConfiguration;
			buildSettings = {
				CLANG_CXX_LANGUAGE_STANDARD = "c++0x";
				CLANG_CXX_LIBRARY = "libc++";
				GCC_WARN_ABOUT_RETURN_TYPE = YES;
				GCC_WARN_UNUSED_VARIABLE = YES;
				HEADER_SEARCH_PATHS = (
					"$(SRCROOT)/../cocos2d",
					"$(SRCROOT)/../cocos2d/cocos",
					"$(SRCROOT)/../cocos2d/cocos/base",
					"$(SRCROOT)/../cocos2d/cocos/physics",
					"$(SRCROOT)/../cocos2d/cocos/math",
					"$(SRCROOT)/../cocos2d/cocos/2d",
					"$(SRCROOT)/../cocos2d/cocos/ui",
					"$(SRCROOT)/../cocos2d/cocos/network",
					"$(SRCROOT)/../cocos2d/cocos/audio/include",
					"$(SRCROOT)/../cocos2d/cocos/editor-support",
					"$(SRCROOT)/../cocos2d/extensions",
					"$(SRCROOT)/../cocos2d/external",
					"$(SRCROOT)/../cocos2d/external/chipmunk/include/chipmunk",
				);
				MACOSX_DEPLOYMENT_TARGET = 10.7;
				OTHER_CFLAGS = "-DNS_BLOCK_ASSERTIONS=1";
				PRODUCT_NAME = "$(TARGET_NAME)";
				SDKROOT = macosx;
				VALIDATE_PRODUCT = YES;
			};
			name = Release;
		};
/* End XCBuildConfiguration section */

/* Begin XCConfigurationList section */
		1D6058960D05DD3E006BFB54 /* Build configuration list for PBXNativeTarget "brave iOS" */ = {
			isa = XCConfigurationList;
			buildConfigurations = (
				1D6058940D05DD3E006BFB54 /* Debug */,
				1D6058950D05DD3E006BFB54 /* Release */,
			);
			defaultConfigurationIsVisible = 0;
			defaultConfigurationName = Debug;
		};
		5087E76C17EB910900C73F5D /* Build configuration list for PBXNativeTarget "brave Mac" */ = {
			isa = XCConfigurationList;
			buildConfigurations = (
				5087E76D17EB910900C73F5D /* Debug */,
				5087E76E17EB910900C73F5D /* Release */,
			);
			defaultConfigurationIsVisible = 0;
			defaultConfigurationName = Debug;
		};
		C01FCF4E08A954540054247B /* Build configuration list for PBXProject "brave" */ = {
			isa = XCConfigurationList;
			buildConfigurations = (
				C01FCF4F08A954540054247B /* Debug */,
				C01FCF5008A954540054247B /* Release */,
			);
			defaultConfigurationIsVisible = 0;
			defaultConfigurationName = Debug;
		};
/* End XCConfigurationList section */
	};
	rootObject = 29B97313FDCFA39411CA2CEA /* Project object */;
}
